
Microsoft Visual Studio Solution File, Format Version 12.00
# Visual Studio Version 16
VisualStudioVersion = 16.0.32901.82
MinimumVisualStudioVersion = 10.0.40219.1
Project("{2150E333-8FDC-42A3-9474-1A3956D46DE8}") = "Unite1_OOP", "Unite1_OOP", "{A6BF7212-EEC7-4BD0-8D27-C390A21C8CEC}"
EndProject
Project("{2150E333-8FDC-42A3-9474-1A3956D46DE8}") = "Unite2_KararYapilariveDonguler", "Unite2_KararYapilariveDonguler", "{3F7C67A9-723B-41E5-80E8-0E22B6A09DF8}"
EndProject
Project("{FAE04EC0-301F-11D3-BF4B-00C04F79EFBC}") = "U1_GoldSoru1", "U1_GoldSoru1\U1_GoldSoru1.csproj", "{EA7C041C-BDD7-4D90-9A9C-64F312A3A47C}"
EndProject
Project("{FAE04EC0-301F-11D3-BF4B-00C04F79EFBC}") = "U1_GoldSoru2", "U1_GoldSoru2\U1_GoldSoru2.csproj", "{33621CE0-A70E-494C-93DD-E2403B9D7E3A}"
EndProject
Project("{FAE04EC0-301F-11D3-BF4B-00C04F79EFBC}") = "U1_Odev1", "U1_Odev1\U1_Odev1.csproj", "{4EE8319C-3918-4610-A08D-071C7C1B402F}"
EndProject
Project("{FAE04EC0-301F-11D3-BF4B-00C04F79EFBC}") = "U1_Uyg12", "U1_Uyg12\U1_Uyg12.csproj", "{FE573B62-273E-44EA-BFD4-BFC294B12AFA}"
EndProject
Project("{FAE04EC0-301F-11D3-BF4B-00C04F79EFBC}") = "U1_Uyg13", "U1_Uyg13\U1_Uyg13.csproj", "{5DC8C0EF-5251-47E5-94BA-8B61F854BD4F}"
EndProject
Project("{FAE04EC0-301F-11D3-BF4B-00C04F79EFBC}") = "U1_Uyg14", "U1_Uyg14\U1_Uyg14.csproj", "{AB3882DD-F629-47AD-A554-27A5555867D9}"
EndProject
Project("{FAE04EC0-301F-11D3-BF4B-00C04F79EFBC}") = "U1_Uyg15", "U1_Uyg15\U1_Uyg15.csproj", "{59676C0F-E482-4646-AAE8-03376582A268}"
EndProject
Project("{FAE04EC0-301F-11D3-BF4B-00C04F79EFBC}") = "U1_Uyg16", "U1_Uyg16\U1_Uyg16.csproj", "{891F650B-7CAB-4AE7-88B4-7D2A2F462FD4}"
EndProject
Project("{FAE04EC0-301F-11D3-BF4B-00C04F79EFBC}") = "U2_Uyg10", "U2_Uyg10\U2_Uyg10.csproj", "{A8D31830-BD00-4669-94F7-85974F508EF7}"
EndProject
Project("{FAE04EC0-301F-11D3-BF4B-00C04F79EFBC}") = "U2_Uyg9", "U2_Uyg9\U2_Uyg9.csproj", "{2F44680E-D24D-4723-8D76-173556245248}"
EndProject
Project("{FAE04EC0-301F-11D3-BF4B-00C04F79EFBC}") = "U2_Uyg8", "U2_Uyg8\U2_Uyg8.csproj", "{855E8ED8-00F3-47C9-B324-B8CD13A18006}"
EndProject
Project("{FAE04EC0-301F-11D3-BF4B-00C04F79EFBC}") = "U2_Uyg7", "U2_Uyg7\U2_Uyg7.csproj", "{6BA7005A-0677-40B3-980A-78853D1D3EB0}"
EndProject
Project("{FAE04EC0-301F-11D3-BF4B-00C04F79EFBC}") = "U2_Uyg6", "U2_Uyg6\U2_Uyg6.csproj", "{BD602972-82BD-4FFF-8A70-C0F0AF393F73}"
EndProject
Project("{FAE04EC0-301F-11D3-BF4B-00C04F79EFBC}") = "U2_Uyg5", "U2_Uyg5\U2_Uyg5.csproj", "{4E97C8C3-E3B4-4ABD-A11A-5B2782CA652C}"
EndProject
Project("{FAE04EC0-301F-11D3-BF4B-00C04F79EFBC}") = "U2_Uyg4", "U2_Uyg4\U2_Uyg4.csproj", "{BAFB5BB4-4772-440E-AEAC-B9738674E45C}"
EndProject
Project("{FAE04EC0-301F-11D3-BF4B-00C04F79EFBC}") = "U2_Uyg3", "U2_Uyg3\U2_Uyg3.csproj", "{714A4437-0DAF-421F-9037-646A199EA245}"
EndProject
Project("{FAE04EC0-301F-11D3-BF4B-00C04F79EFBC}") = "U2_Uyg2", "U2_Uyg2\U2_Uyg2.csproj", "{A7BCE5C4-7C51-4FA2-A854-8148D2C5EDFC}"
EndProject
Project("{FAE04EC0-301F-11D3-BF4B-00C04F79EFBC}") = "U2_Uyg1", "U2_Uyg1\U2_Uyg1.csproj", "{5F4AB3BF-02FE-4531-B044-FB8284B64E1C}"
EndProject
Project("{FAE04EC0-301F-11D3-BF4B-00C04F79EFBC}") = "U1_SS_1", "U1_SS_1\U1_SS_1.csproj", "{3DC94593-EC95-4610-80E3-66D53880026D}"
EndProject
Project("{FAE04EC0-301F-11D3-BF4B-00C04F79EFBC}") = "U1_SS_2", "U1_SS_2\U1_SS_2.csproj", "{1FBAA273-880C-4EBE-BB68-94431B2F4678}"
EndProject
Project("{FAE04EC0-301F-11D3-BF4B-00C04F79EFBC}") = "U1_SS_40", "U1_SS_40\U1_SS_40.csproj", "{25B958E7-957F-424E-A271-B4C9426264DD}"
EndProject
Project("{FAE04EC0-301F-11D3-BF4B-00C04F79EFBC}") = "U2_SS_50", "U2_SS_50\U2_SS_50.csproj", "{E010620E-2B2B-4C0A-8DFD-DBF98090B4A7}"
EndProject
Project("{FAE04EC0-301F-11D3-BF4B-00C04F79EFBC}") = "U2_SS_48", "U2_SS_48\U2_SS_48.csproj", "{DB3FA5F5-4229-45E3-851C-F00E85FD70D9}"
EndProject
Project("{FAE04EC0-301F-11D3-BF4B-00C04F79EFBC}") = "U2_Odev1", "U2_Odev1\U2_Odev1.csproj", "{616F9DE9-7D90-4738-B32A-E92CA2A8CB60}"
EndProject
Project("{FAE04EC0-301F-11D3-BF4B-00C04F79EFBC}") = "U2_Uyg11", "U2_Uyg11\U2_Uyg11.csproj", "{B0E10EB5-5A52-4641-9E6F-D7FA347AA068}"
EndProject
Project("{FAE04EC0-301F-11D3-BF4B-00C04F79EFBC}") = "U2_SS_53", "U2_SS_53\U2_SS_53.csproj", "{77C0708C-F185-46B2-8931-D7FF5EDAC959}"
EndProject
Project("{FAE04EC0-301F-11D3-BF4B-00C04F79EFBC}") = "U2_Uyg12", "U2_Uyg12\U2_Uyg12.csproj", "{58125873-DE2F-4E44-88A6-FA7890474454}"
EndProject
Project("{FAE04EC0-301F-11D3-BF4B-00C04F79EFBC}") = "U2_Uyg13", "U2_Uyg13\U2_Uyg13.csproj", "{E609CBD3-750A-4406-8056-049FE3D7C7EF}"
EndProject
Project("{FAE04EC0-301F-11D3-BF4B-00C04F79EFBC}") = "U2_Uyg14", "U2_Uyg14\U2_Uyg14.csproj", "{7F87B71A-DF08-4DC7-B50F-B0D5761CF915}"
EndProject
Project("{FAE04EC0-301F-11D3-BF4B-00C04F79EFBC}") = "U2_Uyg15", "U2_Uyg15\U2_Uyg15.csproj", "{56A948B7-E241-4AA8-B27E-41109295E562}"
EndProject
Project("{FAE04EC0-301F-11D3-BF4B-00C04F79EFBC}") = "U2_Uyg16", "U2_Uyg16\U2_Uyg16.csproj", "{BD7E095F-AAB9-41B0-9874-E0CB0E823511}"
EndProject
Project("{FAE04EC0-301F-11D3-BF4B-00C04F79EFBC}") = "U2_Uyg17", "U2_Uyg17\U2_Uyg17.csproj", "{1EC9811A-D1C5-4366-9731-5F53D536F5DA}"
EndProject
Project("{FAE04EC0-301F-11D3-BF4B-00C04F79EFBC}") = "U2_Uyg18", "U2_Uyg18\U2_Uyg18.csproj", "{CF44D647-C96F-42E1-9A7D-B1A192DB6CE3}"
EndProject
Project("{FAE04EC0-301F-11D3-BF4B-00C04F79EFBC}") = "U2_Uyg20", "U2_Uyg20\U2_Uyg20.csproj", "{10D7F531-8A49-4A3A-8420-2656D762EDA1}"
EndProject
Project("{FAE04EC0-301F-11D3-BF4B-00C04F79EFBC}") = "U2_Uyg22", "U2_Uyg22\U2_Uyg22.csproj", "{7BB4009F-C7CC-4C55-B0AF-3AC69FBBECFE}"
EndProject
Project("{FAE04EC0-301F-11D3-BF4B-00C04F79EFBC}") = "U2_Uyg23", "U2_Uyg23\U2_Uyg23.csproj", "{48A4D807-C07E-40BE-8DE1-E1B4B94C8E4A}"
EndProject
Project("{FAE04EC0-301F-11D3-BF4B-00C04F79EFBC}") = "U2_SS_60", "U2_SS_60\U2_SS_60.csproj", "{9DA6C699-5A87-4041-97C5-8928BB342704}"
EndProject
Project("{FAE04EC0-301F-11D3-BF4B-00C04F79EFBC}") = "U2_SS_64", "U2_SS_64\U2_SS_64.csproj", "{97EDCA03-5B96-4D89-A25D-419C02B44E60}"
EndProject
Project("{FAE04EC0-301F-11D3-BF4B-00C04F79EFBC}") = "U2_Uyg25", "U2_Uyg25\U2_Uyg25.csproj", "{B296E448-4EA0-4272-AEF3-70C09477008A}"
EndProject
Project("{FAE04EC0-301F-11D3-BF4B-00C04F79EFBC}") = "U2_Uyg26", "U2_Uyg26\U2_Uyg26.csproj", "{AB3A1404-D43F-4DE2-81AD-1BBFA9887C0C}"
EndProject
Project("{FAE04EC0-301F-11D3-BF4B-00C04F79EFBC}") = "U2_SS_66", "U2_SS_66\U2_SS_66.csproj", "{7A9A2798-C9CE-4BAC-AE0E-CF124C8DAC8A}"
EndProject
Project("{FAE04EC0-301F-11D3-BF4B-00C04F79EFBC}") = "U2_GoldSoru1", "U2_GoldSoru1\U2_GoldSoru1.csproj", "{595D4FD2-9F1A-4526-9325-2C9A8B70EACC}"
EndProject
Project("{FAE04EC0-301F-11D3-BF4B-00C04F79EFBC}") = "U2_Ödev2", "U2_Ödev1\U2_Ödev2.csproj", "{50B3A225-A7E0-47C5-9212-C61241352417}"
EndProject
Project("{FAE04EC0-301F-11D3-BF4B-00C04F79EFBC}") = "U2_Ödev3", "U2_Ödev3\U2_Ödev3.csproj", "{BC173339-6A30-45B9-8B97-8694E56CD16B}"
EndProject
Project("{FAE04EC0-301F-11D3-BF4B-00C04F79EFBC}") = "U2_Uyg27", "U2_Uyg27\U2_Uyg27.csproj", "{A5D8023C-690B-4DE4-A9BA-F1B1FEFCE50F}"
EndProject
Project("{FAE04EC0-301F-11D3-BF4B-00C04F79EFBC}") = "U2_SS.66_2", "U2_SS.66_2\U2_SS.66_2.csproj", "{254D72E9-42CC-43F3-A4E1-4400359B8D92}"
EndProject
Project("{FAE04EC0-301F-11D3-BF4B-00C04F79EFBC}") = "U2_Uyg28", "U2_Uyg28\U2_Uyg28.csproj", "{59B03C16-7C10-4FBC-9E47-63EEDE48D375}"
EndProject
Project("{FAE04EC0-301F-11D3-BF4B-00C04F79EFBC}") = "U2_Uyg30", "U2_Uyg29\U2_Uyg30.csproj", "{C6CEE32E-156E-4179-A56B-32CE6E3854F8}"
EndProject
Project("{FAE04EC0-301F-11D3-BF4B-00C04F79EFBC}") = "U2_Uyg29", "U2_Uyg29_\U2_Uyg29.csproj", "{6722ABB4-7645-4250-A8E7-700F9B52AB38}"
EndProject
Project("{FAE04EC0-301F-11D3-BF4B-00C04F79EFBC}") = "U2_Uyg31", "U2_Uyg31\U2_Uyg31.csproj", "{6F2F3171-5941-42EB-98EF-7DAE3106E0DA}"
EndProject
Project("{FAE04EC0-301F-11D3-BF4B-00C04F79EFBC}") = "U2_GoldSoru2", "U2_GoldSoru2\U2_GoldSoru2.csproj", "{329BE966-FC80-49CC-81E1-FFA1BD976F24}"
EndProject
Project("{FAE04EC0-301F-11D3-BF4B-00C04F79EFBC}") = "U2_SS_69_2", "U2_SS_69_2\U2_SS_69_2.csproj", "{4D88247D-F59F-4E6F-83FD-CB4C698958A3}"
EndProject
Project("{FAE04EC0-301F-11D3-BF4B-00C04F79EFBC}") = "U2_SS_70", "U2_\U2_SS_70.csproj", "{D5680EB0-65E5-45CF-B2D2-8D0FC22332B3}"
EndProject
Project("{FAE04EC0-301F-11D3-BF4B-00C04F79EFBC}") = "U2_Uyg32", "U2_Uyg32\U2_Uyg32.csproj", "{E0C6F884-5C76-4B3E-BFA9-750344B3EE0D}"
EndProject
Project("{FAE04EC0-301F-11D3-BF4B-00C04F79EFBC}") = "U2_SS_71", "U2_SS_71\U2_SS_71.csproj", "{734934F8-A4D3-4611-AD79-E9029924A507}"
EndProject
Project("{FAE04EC0-301F-11D3-BF4B-00C04F79EFBC}") = "U2_Uyg33", "U2_Uyg33\U2_Uyg33.csproj", "{2A380B18-7F53-415B-92F9-11ADE895BFDA}"
EndProject
Project("{FAE04EC0-301F-11D3-BF4B-00C04F79EFBC}") = "U2_GoldSoru3", "U2_GoldSoru3\U2_GoldSoru3.csproj", "{E032D3C5-7A9F-4511-979A-C67B706890BB}"
EndProject
Project("{FAE04EC0-301F-11D3-BF4B-00C04F79EFBC}") = "U2_GoldSoru4", "U2_GoldSoru4\U2_GoldSoru4.csproj", "{678CD8DB-3FE6-41BC-810B-E773D480FE58}"
EndProject
Project("{FAE04EC0-301F-11D3-BF4B-00C04F79EFBC}") = "U2_goldSoru5", "1234\U2_goldSoru5.csproj", "{9A68BB2A-A892-4064-AC66-13A86BE39BD3}"
EndProject
Project("{FAE04EC0-301F-11D3-BF4B-00C04F79EFBC}") = "U2_GoldSoru6", "U2_GoldSoru6\U2_GoldSoru6.csproj", "{62644377-AAC0-4A23-8ABD-E14E5AF7BF90}"
EndProject
Project("{FAE04EC0-301F-11D3-BF4B-00C04F79EFBC}") = "U2_GoldSoru7", "U2_GoldSoru7\U2_GoldSoru7.csproj", "{3642DF2C-7884-4A36-A80B-4F1D84ACB10D}"
EndProject
Project("{FAE04EC0-301F-11D3-BF4B-00C04F79EFBC}") = "U2_GoldSoru8", "U2_GoldSoru8\U2_GoldSoru8.csproj", "{D0943D8A-D009-46D7-80FA-B96E25744888}"
EndProject
Project("{FAE04EC0-301F-11D3-BF4B-00C04F79EFBC}") = "U2_GoldSoru9", "U2_GoldSoru9\U2_GoldSoru9.csproj", "{78F5DB4B-BE85-49C1-AC77-542D26B40578}"
EndProject
Project("{FAE04EC0-301F-11D3-BF4B-00C04F79EFBC}") = "U2_GoldSoru10", "U2_GoldSoru10\U2_GoldSoru10.csproj", "{601A4D5F-B275-4A31-A1EE-17FBC2D1D8FC}"
EndProject
Project("{2150E333-8FDC-42A3-9474-1A3956D46DE8}") = "Unite3_Class", "Unite3_Class", "{CC9F7D3C-5373-4A38-B83D-95542EBD8CCE}"
EndProject
Project("{FAE04EC0-301F-11D3-BF4B-00C04F79EFBC}") = "U3_S77", "U3_S77\U3_S77.csproj", "{A8CCEC92-AFB7-4788-865B-D4939207175D}"
EndProject
Project("{FAE04EC0-301F-11D3-BF4B-00C04F79EFBC}") = "U3_S_80", "U3_S_80\U3_S_80.csproj", "{380C53A7-79D8-4F36-9327-BE0DE144F723}"
EndProject
Project("{FAE04EC0-301F-11D3-BF4B-00C04F79EFBC}") = "U3_S_86", "U3_S_86\U3_S_86.csproj", "{E5132A09-D06A-491B-8DBC-D80F794BC06A}"
EndProject
Project("{FAE04EC0-301F-11D3-BF4B-00C04F79EFBC}") = "U3_S_93", "U3_S_93\U3_S_93.csproj", "{58F9931E-E425-4873-9627-F525FF169D69}"
EndProject
Project("{FAE04EC0-301F-11D3-BF4B-00C04F79EFBC}") = "U3_SS_86", "U3_SS_86\U3_SS_86.csproj", "{6F4C6DA3-6AF3-4DF0-A8B2-5CBCB2074C48}"
EndProject
Project("{FAE04EC0-301F-11D3-BF4B-00C04F79EFBC}") = "U3_S_100", "U3_S_100\U3_S_100.csproj", "{AFE4638B-4399-43BB-AD41-46973B94041C}"
EndProject
Project("{FAE04EC0-301F-11D3-BF4B-00C04F79EFBC}") = "U3_SS_105", "U3_SS_105\U3_SS_105.csproj", "{CF141CDA-D36B-4FA7-880A-1A0A3B11357C}"
EndProject
Project("{FAE04EC0-301F-11D3-BF4B-00C04F79EFBC}") = "U3_S_94_1", "U3_S_94_1\U3_S_94_1.csproj", "{3E39CA01-F1CE-4CAB-B085-25B6824F1DFD}"
EndProject
Project("{FAE04EC0-301F-11D3-BF4B-00C04F79EFBC}") = "U3_SS_106", "U3_SS_106\U3_SS_106.csproj", "{3F6DA1A6-0F25-4057-9F48-DD1D897BFE03}"
EndProject
Project("{FAE04EC0-301F-11D3-BF4B-00C04F79EFBC}") = "U3_S_107", "U3_S_107\U3_S_107.csproj", "{60FFC2BD-3A6B-4282-B058-11EB245AE129}"
EndProject
Project("{FAE04EC0-301F-11D3-BF4B-00C04F79EFBC}") = "U3_SS_108", "U3_SS_108\U3_SS_108.csproj", "{845D0218-EFCE-4F32-B838-75BA9ADC8900}"
EndProject
Project("{FAE04EC0-301F-11D3-BF4B-00C04F79EFBC}") = "U3_S_109", "U3_S_109\U3_S_109.csproj", "{36BD1946-4670-42FC-8ED3-7E9DF52FFA2D}"
EndProject
Project("{FAE04EC0-301F-11D3-BF4B-00C04F79EFBC}") = "U3_GoldSoru1", "U3_GoldSoru1\U3_GoldSoru1.csproj", "{E4441321-E819-404E-B81E-B9F6A75914B1}"
EndProject
Project("{FAE04EC0-301F-11D3-BF4B-00C04F79EFBC}") = "U3_S_115", "U3_S_115\U3_S_115.csproj", "{AED643FD-9A21-46C1-8530-33A71609A93F}"
EndProject
Project("{2150E333-8FDC-42A3-9474-1A3956D46DE8}") = "Unite4_Diziler", "Unite4_Diziler", "{4BB296C7-CF3E-427C-A2F5-26F3E8BBCCF5}"
	ProjectSection(SolutionItems) = preProject
		U5_Uyg1\FormA.cs = U5_Uyg1\FormA.cs
		U5_Uyg1\FormA.Designer.cs = U5_Uyg1\FormA.Designer.cs
	EndProjectSection
EndProject
Project("{FAE04EC0-301F-11D3-BF4B-00C04F79EFBC}") = "U4_Uyg1_", "U4_Uyg1_\U4_Uyg1_.csproj", "{403555F0-A242-4060-AA12-64ACEB7E2FFA}"
EndProject
Project("{FAE04EC0-301F-11D3-BF4B-00C04F79EFBC}") = "U4_Uyg2", "U4_Uyg2\U4_Uyg2.csproj", "{FD10B87F-30AD-4F7B-A5C1-D396B40E4A4A}"
EndProject
Project("{FAE04EC0-301F-11D3-BF4B-00C04F79EFBC}") = "U4_Uyg3", "U4_Uyg3\U4_Uyg3.csproj", "{58F913BC-4D3B-4066-AF5A-4F9388F29B89}"
EndProject
Project("{FAE04EC0-301F-11D3-BF4B-00C04F79EFBC}") = "U4_Uyg4", "U4_Uyg4\U4_Uyg4.csproj", "{94091CD7-797F-41C6-8989-53AA2BAF2AB2}"
EndProject
Project("{FAE04EC0-301F-11D3-BF4B-00C04F79EFBC}") = "U4_Uyg5", "U4_Uyg5\U4_Uyg5.csproj", "{8D37BD59-FB05-4BC2-B4EB-F031354ACF12}"
EndProject
Project("{FAE04EC0-301F-11D3-BF4B-00C04F79EFBC}") = "U4_Uyg6", "U4_Uyg6\U4_Uyg6.csproj", "{5F05C11E-63F4-42B8-8C25-C36EB0609E13}"
EndProject
Project("{FAE04EC0-301F-11D3-BF4B-00C04F79EFBC}") = "U4_Uyg7_", "U4_Uyg7_\U4_Uyg7_.csproj", "{E6B7A21F-F3F0-4968-BD26-F2ED430F5DC4}"
EndProject
Project("{FAE04EC0-301F-11D3-BF4B-00C04F79EFBC}") = "U4_Uyg8", "U4_Uyg8\U4_Uyg8.csproj", "{A07567F5-6CBF-4188-A6C9-13D7E4B185CA}"
EndProject
Project("{FAE04EC0-301F-11D3-BF4B-00C04F79EFBC}") = "U4_Uyg9", "U4_Uyg9\U4_Uyg9.csproj", "{F007A1FE-49D0-41FE-A901-69D75E2CA293}"
EndProject
Project("{FAE04EC0-301F-11D3-BF4B-00C04F79EFBC}") = "U4_Uyg10", "U4_Uyg10\U4_Uyg10.csproj", "{C3B8E32D-FB71-4AF5-B846-88F0A80AD13F}"
EndProject
Project("{FAE04EC0-301F-11D3-BF4B-00C04F79EFBC}") = "U4_Uyg11", "U4_Uyg11\U4_Uyg11.csproj", "{7E2D6694-2524-467D-9B7B-B941C366E17B}"
EndProject
Project("{FAE04EC0-301F-11D3-BF4B-00C04F79EFBC}") = "U4_Uyg12", "U4_Uyg12\U4_Uyg12.csproj", "{82848F44-8160-42A4-9E83-F0BDB8ECDB46}"
EndProject
Project("{FAE04EC0-301F-11D3-BF4B-00C04F79EFBC}") = "U4_Uyg13_", "U4_Uyg13_\U4_Uyg13_.csproj", "{7094DDCE-2283-457D-AA6C-4C515ACD8CE7}"
EndProject
Project("{FAE04EC0-301F-11D3-BF4B-00C04F79EFBC}") = "U4_Uyg14", "U4_Uyg14\U4_Uyg14.csproj", "{82BB3C4A-0917-4702-9042-565D35862755}"
EndProject
Project("{FAE04EC0-301F-11D3-BF4B-00C04F79EFBC}") = "U4_Uyg15", "U4_Uyg15\U4_Uyg15.csproj", "{F7148896-AC18-452A-A2D4-073DF30C320C}"
EndProject
Project("{FAE04EC0-301F-11D3-BF4B-00C04F79EFBC}") = "U4_Uyg16", "U4_Uyg16\U4_Uyg16.csproj", "{2C7431FB-5230-4A61-83E5-ACECBDD491F9}"
EndProject
Project("{FAE04EC0-301F-11D3-BF4B-00C04F79EFBC}") = "U4_SS_1", "U4_SS_1\U4_SS_1.csproj", "{E3D54665-653A-40FF-99C9-D3EBF1733822}"
EndProject
Project("{FAE04EC0-301F-11D3-BF4B-00C04F79EFBC}") = "U4_SS_2", "U4_SS_2\U4_SS_2.csproj", "{395EF11A-2037-4874-83CC-C3D53A47E09C}"
EndProject
Project("{2150E333-8FDC-42A3-9474-1A3956D46DE8}") = "Unite5_Form Uygulamaları", "Unite5_Form Uygulamaları", "{C8C62F59-E271-46D6-A1F8-63B65DDBF865}"
EndProject
Project("{FAE04EC0-301F-11D3-BF4B-00C04F79EFBC}") = "U5_Uyg1", "U5_Uyg1\U5_Uyg1.csproj", "{EDE1959B-25E3-4BCA-B8A4-E0802E763717}"
EndProject
Project("{FAE04EC0-301F-11D3-BF4B-00C04F79EFBC}") = "U5_Uyg2", "U5_Uyg2\U5_Uyg2.csproj", "{1BF5AD89-C81F-4AEC-A804-AF11256FB7AB}"
EndProject
Project("{FAE04EC0-301F-11D3-BF4B-00C04F79EFBC}") = "U5_Uyg3", "U5_Uyg3\U5_Uyg3.csproj", "{F3557E7A-189A-44B5-BF4A-6B2E78FBDE68}"
EndProject
Project("{FAE04EC0-301F-11D3-BF4B-00C04F79EFBC}") = "U5_Uyg4", "U5_Uyg4\U5_Uyg4.csproj", "{B4CCC8E5-AF5E-45C4-A3B3-315CD59AF68B}"
EndProject
Project("{FAE04EC0-301F-11D3-BF4B-00C04F79EFBC}") = "U5_Uyg5", "U5_Uyg5\U5_Uyg5.csproj", "{D16B7DC1-7A26-47BF-8573-2DA361C02390}"
EndProject
Project("{FAE04EC0-301F-11D3-BF4B-00C04F79EFBC}") = "U5_Uyg6_", "U5_Uyg6_\U5_Uyg6_.csproj", "{9FB80B95-2CC2-4F67-A633-0B1985ABD93D}"
EndProject
Project("{FAE04EC0-301F-11D3-BF4B-00C04F79EFBC}") = "U5_Uyg8", "U5_Uyg7_\U5_Uyg8.csproj", "{AF0C362A-AE84-4CDF-8BA9-C6EBE7E8D090}"
EndProject
Project("{FAE04EC0-301F-11D3-BF4B-00C04F79EFBC}") = "U5_Uyg7___", "U5_Uyg7___\U5_Uyg7___.csproj", "{691C7FC0-FC6A-4F5E-9DA4-6B01E9745049}"
EndProject
Project("{FAE04EC0-301F-11D3-BF4B-00C04F79EFBC}") = "U5_Uyg9", "U5_Uyg9\U5_Uyg9.csproj", "{CF2A2212-4B5F-4B62-AC7E-A2513286C482}"
EndProject
Project("{FAE04EC0-301F-11D3-BF4B-00C04F79EFBC}") = "U4_GoldSoru1", "GoldSoru1\U4_GoldSoru1.csproj", "{59F9FF27-3DFC-4CB9-9B5F-5A213B074ABA}"
EndProject
Project("{FAE04EC0-301F-11D3-BF4B-00C04F79EFBC}") = "U5_Uyg15", "U5_Uyg15\U5_Uyg15.csproj", "{148B8022-752B-436A-9869-A91CCD3742EC}"
EndProject
Project("{FAE04EC0-301F-11D3-BF4B-00C04F79EFBC}") = "U5_Uyg16", "U5_Uyg16\U5_Uyg16.csproj", "{18D8AD35-F95F-4B02-9C5B-8ADB9E5DF235}"
EndProject
Project("{FAE04EC0-301F-11D3-BF4B-00C04F79EFBC}") = "U5_Uyg17", "U5_Uyg17\U5_Uyg17.csproj", "{041FC215-72BF-4294-8145-E46912D4B5EC}"
EndProject
Global
	GlobalSection(SolutionConfigurationPlatforms) = preSolution
		Debug|Any CPU = Debug|Any CPU
		Release|Any CPU = Release|Any CPU
	EndGlobalSection
	GlobalSection(ProjectConfigurationPlatforms) = postSolution
		{EA7C041C-BDD7-4D90-9A9C-64F312A3A47C}.Debug|Any CPU.ActiveCfg = Debug|Any CPU
		{EA7C041C-BDD7-4D90-9A9C-64F312A3A47C}.Debug|Any CPU.Build.0 = Debug|Any CPU
		{EA7C041C-BDD7-4D90-9A9C-64F312A3A47C}.Release|Any CPU.ActiveCfg = Release|Any CPU
		{EA7C041C-BDD7-4D90-9A9C-64F312A3A47C}.Release|Any CPU.Build.0 = Release|Any CPU
		{33621CE0-A70E-494C-93DD-E2403B9D7E3A}.Debug|Any CPU.ActiveCfg = Debug|Any CPU
		{33621CE0-A70E-494C-93DD-E2403B9D7E3A}.Debug|Any CPU.Build.0 = Debug|Any CPU
		{33621CE0-A70E-494C-93DD-E2403B9D7E3A}.Release|Any CPU.ActiveCfg = Release|Any CPU
		{33621CE0-A70E-494C-93DD-E2403B9D7E3A}.Release|Any CPU.Build.0 = Release|Any CPU
		{4EE8319C-3918-4610-A08D-071C7C1B402F}.Debug|Any CPU.ActiveCfg = Debug|Any CPU
		{4EE8319C-3918-4610-A08D-071C7C1B402F}.Debug|Any CPU.Build.0 = Debug|Any CPU
		{4EE8319C-3918-4610-A08D-071C7C1B402F}.Release|Any CPU.ActiveCfg = Release|Any CPU
		{4EE8319C-3918-4610-A08D-071C7C1B402F}.Release|Any CPU.Build.0 = Release|Any CPU
		{FE573B62-273E-44EA-BFD4-BFC294B12AFA}.Debug|Any CPU.ActiveCfg = Debug|Any CPU
		{FE573B62-273E-44EA-BFD4-BFC294B12AFA}.Debug|Any CPU.Build.0 = Debug|Any CPU
		{FE573B62-273E-44EA-BFD4-BFC294B12AFA}.Release|Any CPU.ActiveCfg = Release|Any CPU
		{FE573B62-273E-44EA-BFD4-BFC294B12AFA}.Release|Any CPU.Build.0 = Release|Any CPU
		{5DC8C0EF-5251-47E5-94BA-8B61F854BD4F}.Debug|Any CPU.ActiveCfg = Debug|Any CPU
		{5DC8C0EF-5251-47E5-94BA-8B61F854BD4F}.Debug|Any CPU.Build.0 = Debug|Any CPU
		{5DC8C0EF-5251-47E5-94BA-8B61F854BD4F}.Release|Any CPU.ActiveCfg = Release|Any CPU
		{5DC8C0EF-5251-47E5-94BA-8B61F854BD4F}.Release|Any CPU.Build.0 = Release|Any CPU
		{AB3882DD-F629-47AD-A554-27A5555867D9}.Debug|Any CPU.ActiveCfg = Debug|Any CPU
		{AB3882DD-F629-47AD-A554-27A5555867D9}.Debug|Any CPU.Build.0 = Debug|Any CPU
		{AB3882DD-F629-47AD-A554-27A5555867D9}.Release|Any CPU.ActiveCfg = Release|Any CPU
		{AB3882DD-F629-47AD-A554-27A5555867D9}.Release|Any CPU.Build.0 = Release|Any CPU
		{59676C0F-E482-4646-AAE8-03376582A268}.Debug|Any CPU.ActiveCfg = Debug|Any CPU
		{59676C0F-E482-4646-AAE8-03376582A268}.Debug|Any CPU.Build.0 = Debug|Any CPU
		{59676C0F-E482-4646-AAE8-03376582A268}.Release|Any CPU.ActiveCfg = Release|Any CPU
		{59676C0F-E482-4646-AAE8-03376582A268}.Release|Any CPU.Build.0 = Release|Any CPU
		{891F650B-7CAB-4AE7-88B4-7D2A2F462FD4}.Debug|Any CPU.ActiveCfg = Debug|Any CPU
		{891F650B-7CAB-4AE7-88B4-7D2A2F462FD4}.Debug|Any CPU.Build.0 = Debug|Any CPU
		{891F650B-7CAB-4AE7-88B4-7D2A2F462FD4}.Release|Any CPU.ActiveCfg = Release|Any CPU
		{891F650B-7CAB-4AE7-88B4-7D2A2F462FD4}.Release|Any CPU.Build.0 = Release|Any CPU
		{A8D31830-BD00-4669-94F7-85974F508EF7}.Debug|Any CPU.ActiveCfg = Debug|Any CPU
		{A8D31830-BD00-4669-94F7-85974F508EF7}.Debug|Any CPU.Build.0 = Debug|Any CPU
		{A8D31830-BD00-4669-94F7-85974F508EF7}.Release|Any CPU.ActiveCfg = Release|Any CPU
		{A8D31830-BD00-4669-94F7-85974F508EF7}.Release|Any CPU.Build.0 = Release|Any CPU
		{2F44680E-D24D-4723-8D76-173556245248}.Debug|Any CPU.ActiveCfg = Debug|Any CPU
		{2F44680E-D24D-4723-8D76-173556245248}.Debug|Any CPU.Build.0 = Debug|Any CPU
		{2F44680E-D24D-4723-8D76-173556245248}.Release|Any CPU.ActiveCfg = Release|Any CPU
		{2F44680E-D24D-4723-8D76-173556245248}.Release|Any CPU.Build.0 = Release|Any CPU
		{855E8ED8-00F3-47C9-B324-B8CD13A18006}.Debug|Any CPU.ActiveCfg = Debug|Any CPU
		{855E8ED8-00F3-47C9-B324-B8CD13A18006}.Debug|Any CPU.Build.0 = Debug|Any CPU
		{855E8ED8-00F3-47C9-B324-B8CD13A18006}.Release|Any CPU.ActiveCfg = Release|Any CPU
		{855E8ED8-00F3-47C9-B324-B8CD13A18006}.Release|Any CPU.Build.0 = Release|Any CPU
		{6BA7005A-0677-40B3-980A-78853D1D3EB0}.Debug|Any CPU.ActiveCfg = Debug|Any CPU
		{6BA7005A-0677-40B3-980A-78853D1D3EB0}.Debug|Any CPU.Build.0 = Debug|Any CPU
		{6BA7005A-0677-40B3-980A-78853D1D3EB0}.Release|Any CPU.ActiveCfg = Release|Any CPU
		{6BA7005A-0677-40B3-980A-78853D1D3EB0}.Release|Any CPU.Build.0 = Release|Any CPU
		{BD602972-82BD-4FFF-8A70-C0F0AF393F73}.Debug|Any CPU.ActiveCfg = Debug|Any CPU
		{BD602972-82BD-4FFF-8A70-C0F0AF393F73}.Debug|Any CPU.Build.0 = Debug|Any CPU
		{BD602972-82BD-4FFF-8A70-C0F0AF393F73}.Release|Any CPU.ActiveCfg = Release|Any CPU
		{BD602972-82BD-4FFF-8A70-C0F0AF393F73}.Release|Any CPU.Build.0 = Release|Any CPU
		{4E97C8C3-E3B4-4ABD-A11A-5B2782CA652C}.Debug|Any CPU.ActiveCfg = Debug|Any CPU
		{4E97C8C3-E3B4-4ABD-A11A-5B2782CA652C}.Debug|Any CPU.Build.0 = Debug|Any CPU
		{4E97C8C3-E3B4-4ABD-A11A-5B2782CA652C}.Release|Any CPU.ActiveCfg = Release|Any CPU
		{4E97C8C3-E3B4-4ABD-A11A-5B2782CA652C}.Release|Any CPU.Build.0 = Release|Any CPU
		{BAFB5BB4-4772-440E-AEAC-B9738674E45C}.Debug|Any CPU.ActiveCfg = Debug|Any CPU
		{BAFB5BB4-4772-440E-AEAC-B9738674E45C}.Debug|Any CPU.Build.0 = Debug|Any CPU
		{BAFB5BB4-4772-440E-AEAC-B9738674E45C}.Release|Any CPU.ActiveCfg = Release|Any CPU
		{BAFB5BB4-4772-440E-AEAC-B9738674E45C}.Release|Any CPU.Build.0 = Release|Any CPU
		{714A4437-0DAF-421F-9037-646A199EA245}.Debug|Any CPU.ActiveCfg = Debug|Any CPU
		{714A4437-0DAF-421F-9037-646A199EA245}.Debug|Any CPU.Build.0 = Debug|Any CPU
		{714A4437-0DAF-421F-9037-646A199EA245}.Release|Any CPU.ActiveCfg = Release|Any CPU
		{714A4437-0DAF-421F-9037-646A199EA245}.Release|Any CPU.Build.0 = Release|Any CPU
		{A7BCE5C4-7C51-4FA2-A854-8148D2C5EDFC}.Debug|Any CPU.ActiveCfg = Debug|Any CPU
		{A7BCE5C4-7C51-4FA2-A854-8148D2C5EDFC}.Debug|Any CPU.Build.0 = Debug|Any CPU
		{A7BCE5C4-7C51-4FA2-A854-8148D2C5EDFC}.Release|Any CPU.ActiveCfg = Release|Any CPU
		{A7BCE5C4-7C51-4FA2-A854-8148D2C5EDFC}.Release|Any CPU.Build.0 = Release|Any CPU
		{5F4AB3BF-02FE-4531-B044-FB8284B64E1C}.Debug|Any CPU.ActiveCfg = Debug|Any CPU
		{5F4AB3BF-02FE-4531-B044-FB8284B64E1C}.Debug|Any CPU.Build.0 = Debug|Any CPU
		{5F4AB3BF-02FE-4531-B044-FB8284B64E1C}.Release|Any CPU.ActiveCfg = Release|Any CPU
		{5F4AB3BF-02FE-4531-B044-FB8284B64E1C}.Release|Any CPU.Build.0 = Release|Any CPU
		{3DC94593-EC95-4610-80E3-66D53880026D}.Debug|Any CPU.ActiveCfg = Debug|Any CPU
		{3DC94593-EC95-4610-80E3-66D53880026D}.Debug|Any CPU.Build.0 = Debug|Any CPU
		{3DC94593-EC95-4610-80E3-66D53880026D}.Release|Any CPU.ActiveCfg = Release|Any CPU
		{3DC94593-EC95-4610-80E3-66D53880026D}.Release|Any CPU.Build.0 = Release|Any CPU
		{1FBAA273-880C-4EBE-BB68-94431B2F4678}.Debug|Any CPU.ActiveCfg = Debug|Any CPU
		{1FBAA273-880C-4EBE-BB68-94431B2F4678}.Debug|Any CPU.Build.0 = Debug|Any CPU
		{1FBAA273-880C-4EBE-BB68-94431B2F4678}.Release|Any CPU.ActiveCfg = Release|Any CPU
		{1FBAA273-880C-4EBE-BB68-94431B2F4678}.Release|Any CPU.Build.0 = Release|Any CPU
		{25B958E7-957F-424E-A271-B4C9426264DD}.Debug|Any CPU.ActiveCfg = Debug|Any CPU
		{25B958E7-957F-424E-A271-B4C9426264DD}.Debug|Any CPU.Build.0 = Debug|Any CPU
		{25B958E7-957F-424E-A271-B4C9426264DD}.Release|Any CPU.ActiveCfg = Release|Any CPU
		{25B958E7-957F-424E-A271-B4C9426264DD}.Release|Any CPU.Build.0 = Release|Any CPU
		{E010620E-2B2B-4C0A-8DFD-DBF98090B4A7}.Debug|Any CPU.ActiveCfg = Debug|Any CPU
		{E010620E-2B2B-4C0A-8DFD-DBF98090B4A7}.Debug|Any CPU.Build.0 = Debug|Any CPU
		{E010620E-2B2B-4C0A-8DFD-DBF98090B4A7}.Release|Any CPU.ActiveCfg = Release|Any CPU
		{E010620E-2B2B-4C0A-8DFD-DBF98090B4A7}.Release|Any CPU.Build.0 = Release|Any CPU
		{DB3FA5F5-4229-45E3-851C-F00E85FD70D9}.Debug|Any CPU.ActiveCfg = Debug|Any CPU
		{DB3FA5F5-4229-45E3-851C-F00E85FD70D9}.Debug|Any CPU.Build.0 = Debug|Any CPU
		{DB3FA5F5-4229-45E3-851C-F00E85FD70D9}.Release|Any CPU.ActiveCfg = Release|Any CPU
		{DB3FA5F5-4229-45E3-851C-F00E85FD70D9}.Release|Any CPU.Build.0 = Release|Any CPU
		{616F9DE9-7D90-4738-B32A-E92CA2A8CB60}.Debug|Any CPU.ActiveCfg = Debug|Any CPU
		{616F9DE9-7D90-4738-B32A-E92CA2A8CB60}.Debug|Any CPU.Build.0 = Debug|Any CPU
		{616F9DE9-7D90-4738-B32A-E92CA2A8CB60}.Release|Any CPU.ActiveCfg = Release|Any CPU
		{616F9DE9-7D90-4738-B32A-E92CA2A8CB60}.Release|Any CPU.Build.0 = Release|Any CPU
		{B0E10EB5-5A52-4641-9E6F-D7FA347AA068}.Debug|Any CPU.ActiveCfg = Debug|Any CPU
		{B0E10EB5-5A52-4641-9E6F-D7FA347AA068}.Debug|Any CPU.Build.0 = Debug|Any CPU
		{B0E10EB5-5A52-4641-9E6F-D7FA347AA068}.Release|Any CPU.ActiveCfg = Release|Any CPU
		{B0E10EB5-5A52-4641-9E6F-D7FA347AA068}.Release|Any CPU.Build.0 = Release|Any CPU
		{77C0708C-F185-46B2-8931-D7FF5EDAC959}.Debug|Any CPU.ActiveCfg = Debug|Any CPU
		{77C0708C-F185-46B2-8931-D7FF5EDAC959}.Debug|Any CPU.Build.0 = Debug|Any CPU
		{77C0708C-F185-46B2-8931-D7FF5EDAC959}.Release|Any CPU.ActiveCfg = Release|Any CPU
		{77C0708C-F185-46B2-8931-D7FF5EDAC959}.Release|Any CPU.Build.0 = Release|Any CPU
		{58125873-DE2F-4E44-88A6-FA7890474454}.Debug|Any CPU.ActiveCfg = Debug|Any CPU
		{58125873-DE2F-4E44-88A6-FA7890474454}.Debug|Any CPU.Build.0 = Debug|Any CPU
		{58125873-DE2F-4E44-88A6-FA7890474454}.Release|Any CPU.ActiveCfg = Release|Any CPU
		{58125873-DE2F-4E44-88A6-FA7890474454}.Release|Any CPU.Build.0 = Release|Any CPU
		{E609CBD3-750A-4406-8056-049FE3D7C7EF}.Debug|Any CPU.ActiveCfg = Debug|Any CPU
		{E609CBD3-750A-4406-8056-049FE3D7C7EF}.Debug|Any CPU.Build.0 = Debug|Any CPU
		{E609CBD3-750A-4406-8056-049FE3D7C7EF}.Release|Any CPU.ActiveCfg = Release|Any CPU
		{E609CBD3-750A-4406-8056-049FE3D7C7EF}.Release|Any CPU.Build.0 = Release|Any CPU
		{7F87B71A-DF08-4DC7-B50F-B0D5761CF915}.Debug|Any CPU.ActiveCfg = Debug|Any CPU
		{7F87B71A-DF08-4DC7-B50F-B0D5761CF915}.Debug|Any CPU.Build.0 = Debug|Any CPU
		{7F87B71A-DF08-4DC7-B50F-B0D5761CF915}.Release|Any CPU.ActiveCfg = Release|Any CPU
		{7F87B71A-DF08-4DC7-B50F-B0D5761CF915}.Release|Any CPU.Build.0 = Release|Any CPU
		{56A948B7-E241-4AA8-B27E-41109295E562}.Debug|Any CPU.ActiveCfg = Debug|Any CPU
		{56A948B7-E241-4AA8-B27E-41109295E562}.Debug|Any CPU.Build.0 = Debug|Any CPU
		{56A948B7-E241-4AA8-B27E-41109295E562}.Release|Any CPU.ActiveCfg = Release|Any CPU
		{56A948B7-E241-4AA8-B27E-41109295E562}.Release|Any CPU.Build.0 = Release|Any CPU
		{BD7E095F-AAB9-41B0-9874-E0CB0E823511}.Debug|Any CPU.ActiveCfg = Debug|Any CPU
		{BD7E095F-AAB9-41B0-9874-E0CB0E823511}.Debug|Any CPU.Build.0 = Debug|Any CPU
		{BD7E095F-AAB9-41B0-9874-E0CB0E823511}.Release|Any CPU.ActiveCfg = Release|Any CPU
		{BD7E095F-AAB9-41B0-9874-E0CB0E823511}.Release|Any CPU.Build.0 = Release|Any CPU
		{1EC9811A-D1C5-4366-9731-5F53D536F5DA}.Debug|Any CPU.ActiveCfg = Debug|Any CPU
		{1EC9811A-D1C5-4366-9731-5F53D536F5DA}.Debug|Any CPU.Build.0 = Debug|Any CPU
		{1EC9811A-D1C5-4366-9731-5F53D536F5DA}.Release|Any CPU.ActiveCfg = Release|Any CPU
		{1EC9811A-D1C5-4366-9731-5F53D536F5DA}.Release|Any CPU.Build.0 = Release|Any CPU
		{CF44D647-C96F-42E1-9A7D-B1A192DB6CE3}.Debug|Any CPU.ActiveCfg = Debug|Any CPU
		{CF44D647-C96F-42E1-9A7D-B1A192DB6CE3}.Debug|Any CPU.Build.0 = Debug|Any CPU
		{CF44D647-C96F-42E1-9A7D-B1A192DB6CE3}.Release|Any CPU.ActiveCfg = Release|Any CPU
		{CF44D647-C96F-42E1-9A7D-B1A192DB6CE3}.Release|Any CPU.Build.0 = Release|Any CPU
		{10D7F531-8A49-4A3A-8420-2656D762EDA1}.Debug|Any CPU.ActiveCfg = Debug|Any CPU
		{10D7F531-8A49-4A3A-8420-2656D762EDA1}.Debug|Any CPU.Build.0 = Debug|Any CPU
		{10D7F531-8A49-4A3A-8420-2656D762EDA1}.Release|Any CPU.ActiveCfg = Release|Any CPU
		{10D7F531-8A49-4A3A-8420-2656D762EDA1}.Release|Any CPU.Build.0 = Release|Any CPU
		{7BB4009F-C7CC-4C55-B0AF-3AC69FBBECFE}.Debug|Any CPU.ActiveCfg = Debug|Any CPU
		{7BB4009F-C7CC-4C55-B0AF-3AC69FBBECFE}.Debug|Any CPU.Build.0 = Debug|Any CPU
		{7BB4009F-C7CC-4C55-B0AF-3AC69FBBECFE}.Release|Any CPU.ActiveCfg = Release|Any CPU
		{7BB4009F-C7CC-4C55-B0AF-3AC69FBBECFE}.Release|Any CPU.Build.0 = Release|Any CPU
		{48A4D807-C07E-40BE-8DE1-E1B4B94C8E4A}.Debug|Any CPU.ActiveCfg = Debug|Any CPU
		{48A4D807-C07E-40BE-8DE1-E1B4B94C8E4A}.Debug|Any CPU.Build.0 = Debug|Any CPU
		{48A4D807-C07E-40BE-8DE1-E1B4B94C8E4A}.Release|Any CPU.ActiveCfg = Release|Any CPU
		{48A4D807-C07E-40BE-8DE1-E1B4B94C8E4A}.Release|Any CPU.Build.0 = Release|Any CPU
		{9DA6C699-5A87-4041-97C5-8928BB342704}.Debug|Any CPU.ActiveCfg = Debug|Any CPU
		{9DA6C699-5A87-4041-97C5-8928BB342704}.Debug|Any CPU.Build.0 = Debug|Any CPU
		{9DA6C699-5A87-4041-97C5-8928BB342704}.Release|Any CPU.ActiveCfg = Release|Any CPU
		{9DA6C699-5A87-4041-97C5-8928BB342704}.Release|Any CPU.Build.0 = Release|Any CPU
		{97EDCA03-5B96-4D89-A25D-419C02B44E60}.Debug|Any CPU.ActiveCfg = Debug|Any CPU
		{97EDCA03-5B96-4D89-A25D-419C02B44E60}.Debug|Any CPU.Build.0 = Debug|Any CPU
		{97EDCA03-5B96-4D89-A25D-419C02B44E60}.Release|Any CPU.ActiveCfg = Release|Any CPU
		{97EDCA03-5B96-4D89-A25D-419C02B44E60}.Release|Any CPU.Build.0 = Release|Any CPU
		{B296E448-4EA0-4272-AEF3-70C09477008A}.Debug|Any CPU.ActiveCfg = Debug|Any CPU
		{B296E448-4EA0-4272-AEF3-70C09477008A}.Debug|Any CPU.Build.0 = Debug|Any CPU
		{B296E448-4EA0-4272-AEF3-70C09477008A}.Release|Any CPU.ActiveCfg = Release|Any CPU
		{B296E448-4EA0-4272-AEF3-70C09477008A}.Release|Any CPU.Build.0 = Release|Any CPU
		{AB3A1404-D43F-4DE2-81AD-1BBFA9887C0C}.Debug|Any CPU.ActiveCfg = Debug|Any CPU
		{AB3A1404-D43F-4DE2-81AD-1BBFA9887C0C}.Debug|Any CPU.Build.0 = Debug|Any CPU
		{AB3A1404-D43F-4DE2-81AD-1BBFA9887C0C}.Release|Any CPU.ActiveCfg = Release|Any CPU
		{AB3A1404-D43F-4DE2-81AD-1BBFA9887C0C}.Release|Any CPU.Build.0 = Release|Any CPU
		{7A9A2798-C9CE-4BAC-AE0E-CF124C8DAC8A}.Debug|Any CPU.ActiveCfg = Debug|Any CPU
		{7A9A2798-C9CE-4BAC-AE0E-CF124C8DAC8A}.Debug|Any CPU.Build.0 = Debug|Any CPU
		{7A9A2798-C9CE-4BAC-AE0E-CF124C8DAC8A}.Release|Any CPU.ActiveCfg = Release|Any CPU
		{7A9A2798-C9CE-4BAC-AE0E-CF124C8DAC8A}.Release|Any CPU.Build.0 = Release|Any CPU
		{595D4FD2-9F1A-4526-9325-2C9A8B70EACC}.Debug|Any CPU.ActiveCfg = Debug|Any CPU
		{595D4FD2-9F1A-4526-9325-2C9A8B70EACC}.Debug|Any CPU.Build.0 = Debug|Any CPU
		{595D4FD2-9F1A-4526-9325-2C9A8B70EACC}.Release|Any CPU.ActiveCfg = Release|Any CPU
		{595D4FD2-9F1A-4526-9325-2C9A8B70EACC}.Release|Any CPU.Build.0 = Release|Any CPU
		{50B3A225-A7E0-47C5-9212-C61241352417}.Debug|Any CPU.ActiveCfg = Debug|Any CPU
		{50B3A225-A7E0-47C5-9212-C61241352417}.Debug|Any CPU.Build.0 = Debug|Any CPU
		{50B3A225-A7E0-47C5-9212-C61241352417}.Release|Any CPU.ActiveCfg = Release|Any CPU
		{50B3A225-A7E0-47C5-9212-C61241352417}.Release|Any CPU.Build.0 = Release|Any CPU
		{BC173339-6A30-45B9-8B97-8694E56CD16B}.Debug|Any CPU.ActiveCfg = Debug|Any CPU
		{BC173339-6A30-45B9-8B97-8694E56CD16B}.Debug|Any CPU.Build.0 = Debug|Any CPU
		{BC173339-6A30-45B9-8B97-8694E56CD16B}.Release|Any CPU.ActiveCfg = Release|Any CPU
		{BC173339-6A30-45B9-8B97-8694E56CD16B}.Release|Any CPU.Build.0 = Release|Any CPU
		{A5D8023C-690B-4DE4-A9BA-F1B1FEFCE50F}.Debug|Any CPU.ActiveCfg = Debug|Any CPU
		{A5D8023C-690B-4DE4-A9BA-F1B1FEFCE50F}.Debug|Any CPU.Build.0 = Debug|Any CPU
		{A5D8023C-690B-4DE4-A9BA-F1B1FEFCE50F}.Release|Any CPU.ActiveCfg = Release|Any CPU
		{A5D8023C-690B-4DE4-A9BA-F1B1FEFCE50F}.Release|Any CPU.Build.0 = Release|Any CPU
		{254D72E9-42CC-43F3-A4E1-4400359B8D92}.Debug|Any CPU.ActiveCfg = Debug|Any CPU
		{254D72E9-42CC-43F3-A4E1-4400359B8D92}.Debug|Any CPU.Build.0 = Debug|Any CPU
		{254D72E9-42CC-43F3-A4E1-4400359B8D92}.Release|Any CPU.ActiveCfg = Release|Any CPU
		{254D72E9-42CC-43F3-A4E1-4400359B8D92}.Release|Any CPU.Build.0 = Release|Any CPU
		{59B03C16-7C10-4FBC-9E47-63EEDE48D375}.Debug|Any CPU.ActiveCfg = Debug|Any CPU
		{59B03C16-7C10-4FBC-9E47-63EEDE48D375}.Debug|Any CPU.Build.0 = Debug|Any CPU
		{59B03C16-7C10-4FBC-9E47-63EEDE48D375}.Release|Any CPU.ActiveCfg = Release|Any CPU
		{59B03C16-7C10-4FBC-9E47-63EEDE48D375}.Release|Any CPU.Build.0 = Release|Any CPU
		{C6CEE32E-156E-4179-A56B-32CE6E3854F8}.Debug|Any CPU.ActiveCfg = Debug|Any CPU
		{C6CEE32E-156E-4179-A56B-32CE6E3854F8}.Debug|Any CPU.Build.0 = Debug|Any CPU
		{C6CEE32E-156E-4179-A56B-32CE6E3854F8}.Release|Any CPU.ActiveCfg = Release|Any CPU
		{C6CEE32E-156E-4179-A56B-32CE6E3854F8}.Release|Any CPU.Build.0 = Release|Any CPU
		{6722ABB4-7645-4250-A8E7-700F9B52AB38}.Debug|Any CPU.ActiveCfg = Debug|Any CPU
		{6722ABB4-7645-4250-A8E7-700F9B52AB38}.Debug|Any CPU.Build.0 = Debug|Any CPU
		{6722ABB4-7645-4250-A8E7-700F9B52AB38}.Release|Any CPU.ActiveCfg = Release|Any CPU
		{6722ABB4-7645-4250-A8E7-700F9B52AB38}.Release|Any CPU.Build.0 = Release|Any CPU
		{6F2F3171-5941-42EB-98EF-7DAE3106E0DA}.Debug|Any CPU.ActiveCfg = Debug|Any CPU
		{6F2F3171-5941-42EB-98EF-7DAE3106E0DA}.Debug|Any CPU.Build.0 = Debug|Any CPU
		{6F2F3171-5941-42EB-98EF-7DAE3106E0DA}.Release|Any CPU.ActiveCfg = Release|Any CPU
		{6F2F3171-5941-42EB-98EF-7DAE3106E0DA}.Release|Any CPU.Build.0 = Release|Any CPU
		{329BE966-FC80-49CC-81E1-FFA1BD976F24}.Debug|Any CPU.ActiveCfg = Debug|Any CPU
		{329BE966-FC80-49CC-81E1-FFA1BD976F24}.Debug|Any CPU.Build.0 = Debug|Any CPU
		{329BE966-FC80-49CC-81E1-FFA1BD976F24}.Release|Any CPU.ActiveCfg = Release|Any CPU
		{329BE966-FC80-49CC-81E1-FFA1BD976F24}.Release|Any CPU.Build.0 = Release|Any CPU
		{4D88247D-F59F-4E6F-83FD-CB4C698958A3}.Debug|Any CPU.ActiveCfg = Debug|Any CPU
		{4D88247D-F59F-4E6F-83FD-CB4C698958A3}.Debug|Any CPU.Build.0 = Debug|Any CPU
		{4D88247D-F59F-4E6F-83FD-CB4C698958A3}.Release|Any CPU.ActiveCfg = Release|Any CPU
		{4D88247D-F59F-4E6F-83FD-CB4C698958A3}.Release|Any CPU.Build.0 = Release|Any CPU
		{D5680EB0-65E5-45CF-B2D2-8D0FC22332B3}.Debug|Any CPU.ActiveCfg = Debug|Any CPU
		{D5680EB0-65E5-45CF-B2D2-8D0FC22332B3}.Debug|Any CPU.Build.0 = Debug|Any CPU
		{D5680EB0-65E5-45CF-B2D2-8D0FC22332B3}.Release|Any CPU.ActiveCfg = Release|Any CPU
		{D5680EB0-65E5-45CF-B2D2-8D0FC22332B3}.Release|Any CPU.Build.0 = Release|Any CPU
		{E0C6F884-5C76-4B3E-BFA9-750344B3EE0D}.Debug|Any CPU.ActiveCfg = Debug|Any CPU
		{E0C6F884-5C76-4B3E-BFA9-750344B3EE0D}.Debug|Any CPU.Build.0 = Debug|Any CPU
		{E0C6F884-5C76-4B3E-BFA9-750344B3EE0D}.Release|Any CPU.ActiveCfg = Release|Any CPU
		{E0C6F884-5C76-4B3E-BFA9-750344B3EE0D}.Release|Any CPU.Build.0 = Release|Any CPU
		{734934F8-A4D3-4611-AD79-E9029924A507}.Debug|Any CPU.ActiveCfg = Debug|Any CPU
		{734934F8-A4D3-4611-AD79-E9029924A507}.Debug|Any CPU.Build.0 = Debug|Any CPU
		{734934F8-A4D3-4611-AD79-E9029924A507}.Release|Any CPU.ActiveCfg = Release|Any CPU
		{734934F8-A4D3-4611-AD79-E9029924A507}.Release|Any CPU.Build.0 = Release|Any CPU
		{2A380B18-7F53-415B-92F9-11ADE895BFDA}.Debug|Any CPU.ActiveCfg = Debug|Any CPU
		{2A380B18-7F53-415B-92F9-11ADE895BFDA}.Debug|Any CPU.Build.0 = Debug|Any CPU
		{2A380B18-7F53-415B-92F9-11ADE895BFDA}.Release|Any CPU.ActiveCfg = Release|Any CPU
		{2A380B18-7F53-415B-92F9-11ADE895BFDA}.Release|Any CPU.Build.0 = Release|Any CPU
		{E032D3C5-7A9F-4511-979A-C67B706890BB}.Debug|Any CPU.ActiveCfg = Debug|Any CPU
		{E032D3C5-7A9F-4511-979A-C67B706890BB}.Debug|Any CPU.Build.0 = Debug|Any CPU
		{E032D3C5-7A9F-4511-979A-C67B706890BB}.Release|Any CPU.ActiveCfg = Release|Any CPU
		{E032D3C5-7A9F-4511-979A-C67B706890BB}.Release|Any CPU.Build.0 = Release|Any CPU
		{678CD8DB-3FE6-41BC-810B-E773D480FE58}.Debug|Any CPU.ActiveCfg = Debug|Any CPU
		{678CD8DB-3FE6-41BC-810B-E773D480FE58}.Debug|Any CPU.Build.0 = Debug|Any CPU
		{678CD8DB-3FE6-41BC-810B-E773D480FE58}.Release|Any CPU.ActiveCfg = Release|Any CPU
		{678CD8DB-3FE6-41BC-810B-E773D480FE58}.Release|Any CPU.Build.0 = Release|Any CPU
		{9A68BB2A-A892-4064-AC66-13A86BE39BD3}.Debug|Any CPU.ActiveCfg = Debug|Any CPU
		{9A68BB2A-A892-4064-AC66-13A86BE39BD3}.Debug|Any CPU.Build.0 = Debug|Any CPU
		{9A68BB2A-A892-4064-AC66-13A86BE39BD3}.Release|Any CPU.ActiveCfg = Release|Any CPU
		{9A68BB2A-A892-4064-AC66-13A86BE39BD3}.Release|Any CPU.Build.0 = Release|Any CPU
		{62644377-AAC0-4A23-8ABD-E14E5AF7BF90}.Debug|Any CPU.ActiveCfg = Debug|Any CPU
		{62644377-AAC0-4A23-8ABD-E14E5AF7BF90}.Debug|Any CPU.Build.0 = Debug|Any CPU
		{62644377-AAC0-4A23-8ABD-E14E5AF7BF90}.Release|Any CPU.ActiveCfg = Release|Any CPU
		{62644377-AAC0-4A23-8ABD-E14E5AF7BF90}.Release|Any CPU.Build.0 = Release|Any CPU
		{3642DF2C-7884-4A36-A80B-4F1D84ACB10D}.Debug|Any CPU.ActiveCfg = Debug|Any CPU
		{3642DF2C-7884-4A36-A80B-4F1D84ACB10D}.Debug|Any CPU.Build.0 = Debug|Any CPU
		{3642DF2C-7884-4A36-A80B-4F1D84ACB10D}.Release|Any CPU.ActiveCfg = Release|Any CPU
		{3642DF2C-7884-4A36-A80B-4F1D84ACB10D}.Release|Any CPU.Build.0 = Release|Any CPU
		{D0943D8A-D009-46D7-80FA-B96E25744888}.Debug|Any CPU.ActiveCfg = Debug|Any CPU
		{D0943D8A-D009-46D7-80FA-B96E25744888}.Debug|Any CPU.Build.0 = Debug|Any CPU
		{D0943D8A-D009-46D7-80FA-B96E25744888}.Release|Any CPU.ActiveCfg = Release|Any CPU
		{D0943D8A-D009-46D7-80FA-B96E25744888}.Release|Any CPU.Build.0 = Release|Any CPU
		{78F5DB4B-BE85-49C1-AC77-542D26B40578}.Debug|Any CPU.ActiveCfg = Debug|Any CPU
		{78F5DB4B-BE85-49C1-AC77-542D26B40578}.Debug|Any CPU.Build.0 = Debug|Any CPU
		{78F5DB4B-BE85-49C1-AC77-542D26B40578}.Release|Any CPU.ActiveCfg = Release|Any CPU
		{78F5DB4B-BE85-49C1-AC77-542D26B40578}.Release|Any CPU.Build.0 = Release|Any CPU
		{601A4D5F-B275-4A31-A1EE-17FBC2D1D8FC}.Debug|Any CPU.ActiveCfg = Debug|Any CPU
		{601A4D5F-B275-4A31-A1EE-17FBC2D1D8FC}.Debug|Any CPU.Build.0 = Debug|Any CPU
		{601A4D5F-B275-4A31-A1EE-17FBC2D1D8FC}.Release|Any CPU.ActiveCfg = Release|Any CPU
		{601A4D5F-B275-4A31-A1EE-17FBC2D1D8FC}.Release|Any CPU.Build.0 = Release|Any CPU
		{A8CCEC92-AFB7-4788-865B-D4939207175D}.Debug|Any CPU.ActiveCfg = Debug|Any CPU
		{A8CCEC92-AFB7-4788-865B-D4939207175D}.Debug|Any CPU.Build.0 = Debug|Any CPU
		{A8CCEC92-AFB7-4788-865B-D4939207175D}.Release|Any CPU.ActiveCfg = Release|Any CPU
		{A8CCEC92-AFB7-4788-865B-D4939207175D}.Release|Any CPU.Build.0 = Release|Any CPU
		{380C53A7-79D8-4F36-9327-BE0DE144F723}.Debug|Any CPU.ActiveCfg = Debug|Any CPU
		{380C53A7-79D8-4F36-9327-BE0DE144F723}.Debug|Any CPU.Build.0 = Debug|Any CPU
		{380C53A7-79D8-4F36-9327-BE0DE144F723}.Release|Any CPU.ActiveCfg = Release|Any CPU
		{380C53A7-79D8-4F36-9327-BE0DE144F723}.Release|Any CPU.Build.0 = Release|Any CPU
		{E5132A09-D06A-491B-8DBC-D80F794BC06A}.Debug|Any CPU.ActiveCfg = Debug|Any CPU
		{E5132A09-D06A-491B-8DBC-D80F794BC06A}.Debug|Any CPU.Build.0 = Debug|Any CPU
		{E5132A09-D06A-491B-8DBC-D80F794BC06A}.Release|Any CPU.ActiveCfg = Release|Any CPU
		{E5132A09-D06A-491B-8DBC-D80F794BC06A}.Release|Any CPU.Build.0 = Release|Any CPU
		{58F9931E-E425-4873-9627-F525FF169D69}.Debug|Any CPU.ActiveCfg = Debug|Any CPU
		{58F9931E-E425-4873-9627-F525FF169D69}.Debug|Any CPU.Build.0 = Debug|Any CPU
		{58F9931E-E425-4873-9627-F525FF169D69}.Release|Any CPU.ActiveCfg = Release|Any CPU
		{58F9931E-E425-4873-9627-F525FF169D69}.Release|Any CPU.Build.0 = Release|Any CPU
		{6F4C6DA3-6AF3-4DF0-A8B2-5CBCB2074C48}.Debug|Any CPU.ActiveCfg = Debug|Any CPU
		{6F4C6DA3-6AF3-4DF0-A8B2-5CBCB2074C48}.Debug|Any CPU.Build.0 = Debug|Any CPU
		{6F4C6DA3-6AF3-4DF0-A8B2-5CBCB2074C48}.Release|Any CPU.ActiveCfg = Release|Any CPU
		{6F4C6DA3-6AF3-4DF0-A8B2-5CBCB2074C48}.Release|Any CPU.Build.0 = Release|Any CPU
		{AFE4638B-4399-43BB-AD41-46973B94041C}.Debug|Any CPU.ActiveCfg = Debug|Any CPU
		{AFE4638B-4399-43BB-AD41-46973B94041C}.Debug|Any CPU.Build.0 = Debug|Any CPU
		{AFE4638B-4399-43BB-AD41-46973B94041C}.Release|Any CPU.ActiveCfg = Release|Any CPU
		{AFE4638B-4399-43BB-AD41-46973B94041C}.Release|Any CPU.Build.0 = Release|Any CPU
		{CF141CDA-D36B-4FA7-880A-1A0A3B11357C}.Debug|Any CPU.ActiveCfg = Debug|Any CPU
		{CF141CDA-D36B-4FA7-880A-1A0A3B11357C}.Debug|Any CPU.Build.0 = Debug|Any CPU
		{CF141CDA-D36B-4FA7-880A-1A0A3B11357C}.Release|Any CPU.ActiveCfg = Release|Any CPU
		{CF141CDA-D36B-4FA7-880A-1A0A3B11357C}.Release|Any CPU.Build.0 = Release|Any CPU
		{3E39CA01-F1CE-4CAB-B085-25B6824F1DFD}.Debug|Any CPU.ActiveCfg = Debug|Any CPU
		{3E39CA01-F1CE-4CAB-B085-25B6824F1DFD}.Debug|Any CPU.Build.0 = Debug|Any CPU
		{3E39CA01-F1CE-4CAB-B085-25B6824F1DFD}.Release|Any CPU.ActiveCfg = Release|Any CPU
		{3E39CA01-F1CE-4CAB-B085-25B6824F1DFD}.Release|Any CPU.Build.0 = Release|Any CPU
		{3F6DA1A6-0F25-4057-9F48-DD1D897BFE03}.Debug|Any CPU.ActiveCfg = Debug|Any CPU
		{3F6DA1A6-0F25-4057-9F48-DD1D897BFE03}.Debug|Any CPU.Build.0 = Debug|Any CPU
		{3F6DA1A6-0F25-4057-9F48-DD1D897BFE03}.Release|Any CPU.ActiveCfg = Release|Any CPU
		{3F6DA1A6-0F25-4057-9F48-DD1D897BFE03}.Release|Any CPU.Build.0 = Release|Any CPU
		{60FFC2BD-3A6B-4282-B058-11EB245AE129}.Debug|Any CPU.ActiveCfg = Debug|Any CPU
		{60FFC2BD-3A6B-4282-B058-11EB245AE129}.Debug|Any CPU.Build.0 = Debug|Any CPU
		{60FFC2BD-3A6B-4282-B058-11EB245AE129}.Release|Any CPU.ActiveCfg = Release|Any CPU
		{60FFC2BD-3A6B-4282-B058-11EB245AE129}.Release|Any CPU.Build.0 = Release|Any CPU
		{845D0218-EFCE-4F32-B838-75BA9ADC8900}.Debug|Any CPU.ActiveCfg = Debug|Any CPU
		{845D0218-EFCE-4F32-B838-75BA9ADC8900}.Debug|Any CPU.Build.0 = Debug|Any CPU
		{845D0218-EFCE-4F32-B838-75BA9ADC8900}.Release|Any CPU.ActiveCfg = Release|Any CPU
		{845D0218-EFCE-4F32-B838-75BA9ADC8900}.Release|Any CPU.Build.0 = Release|Any CPU
		{36BD1946-4670-42FC-8ED3-7E9DF52FFA2D}.Debug|Any CPU.ActiveCfg = Debug|Any CPU
		{36BD1946-4670-42FC-8ED3-7E9DF52FFA2D}.Debug|Any CPU.Build.0 = Debug|Any CPU
		{36BD1946-4670-42FC-8ED3-7E9DF52FFA2D}.Release|Any CPU.ActiveCfg = Release|Any CPU
		{36BD1946-4670-42FC-8ED3-7E9DF52FFA2D}.Release|Any CPU.Build.0 = Release|Any CPU
		{E4441321-E819-404E-B81E-B9F6A75914B1}.Debug|Any CPU.ActiveCfg = Debug|Any CPU
		{E4441321-E819-404E-B81E-B9F6A75914B1}.Debug|Any CPU.Build.0 = Debug|Any CPU
		{E4441321-E819-404E-B81E-B9F6A75914B1}.Release|Any CPU.ActiveCfg = Release|Any CPU
		{E4441321-E819-404E-B81E-B9F6A75914B1}.Release|Any CPU.Build.0 = Release|Any CPU
		{AED643FD-9A21-46C1-8530-33A71609A93F}.Debug|Any CPU.ActiveCfg = Debug|Any CPU
		{AED643FD-9A21-46C1-8530-33A71609A93F}.Debug|Any CPU.Build.0 = Debug|Any CPU
		{AED643FD-9A21-46C1-8530-33A71609A93F}.Release|Any CPU.ActiveCfg = Release|Any CPU
		{AED643FD-9A21-46C1-8530-33A71609A93F}.Release|Any CPU.Build.0 = Release|Any CPU
		{403555F0-A242-4060-AA12-64ACEB7E2FFA}.Debug|Any CPU.ActiveCfg = Debug|Any CPU
		{403555F0-A242-4060-AA12-64ACEB7E2FFA}.Debug|Any CPU.Build.0 = Debug|Any CPU
		{403555F0-A242-4060-AA12-64ACEB7E2FFA}.Release|Any CPU.ActiveCfg = Release|Any CPU
		{403555F0-A242-4060-AA12-64ACEB7E2FFA}.Release|Any CPU.Build.0 = Release|Any CPU
		{FD10B87F-30AD-4F7B-A5C1-D396B40E4A4A}.Debug|Any CPU.ActiveCfg = Debug|Any CPU
		{FD10B87F-30AD-4F7B-A5C1-D396B40E4A4A}.Debug|Any CPU.Build.0 = Debug|Any CPU
		{FD10B87F-30AD-4F7B-A5C1-D396B40E4A4A}.Release|Any CPU.ActiveCfg = Release|Any CPU
		{FD10B87F-30AD-4F7B-A5C1-D396B40E4A4A}.Release|Any CPU.Build.0 = Release|Any CPU
		{58F913BC-4D3B-4066-AF5A-4F9388F29B89}.Debug|Any CPU.ActiveCfg = Debug|Any CPU
		{58F913BC-4D3B-4066-AF5A-4F9388F29B89}.Debug|Any CPU.Build.0 = Debug|Any CPU
		{58F913BC-4D3B-4066-AF5A-4F9388F29B89}.Release|Any CPU.ActiveCfg = Release|Any CPU
		{58F913BC-4D3B-4066-AF5A-4F9388F29B89}.Release|Any CPU.Build.0 = Release|Any CPU
		{94091CD7-797F-41C6-8989-53AA2BAF2AB2}.Debug|Any CPU.ActiveCfg = Debug|Any CPU
		{94091CD7-797F-41C6-8989-53AA2BAF2AB2}.Debug|Any CPU.Build.0 = Debug|Any CPU
		{94091CD7-797F-41C6-8989-53AA2BAF2AB2}.Release|Any CPU.ActiveCfg = Release|Any CPU
		{94091CD7-797F-41C6-8989-53AA2BAF2AB2}.Release|Any CPU.Build.0 = Release|Any CPU
		{8D37BD59-FB05-4BC2-B4EB-F031354ACF12}.Debug|Any CPU.ActiveCfg = Debug|Any CPU
		{8D37BD59-FB05-4BC2-B4EB-F031354ACF12}.Debug|Any CPU.Build.0 = Debug|Any CPU
		{8D37BD59-FB05-4BC2-B4EB-F031354ACF12}.Release|Any CPU.ActiveCfg = Release|Any CPU
		{8D37BD59-FB05-4BC2-B4EB-F031354ACF12}.Release|Any CPU.Build.0 = Release|Any CPU
		{5F05C11E-63F4-42B8-8C25-C36EB0609E13}.Debug|Any CPU.ActiveCfg = Debug|Any CPU
		{5F05C11E-63F4-42B8-8C25-C36EB0609E13}.Debug|Any CPU.Build.0 = Debug|Any CPU
		{5F05C11E-63F4-42B8-8C25-C36EB0609E13}.Release|Any CPU.ActiveCfg = Release|Any CPU
		{5F05C11E-63F4-42B8-8C25-C36EB0609E13}.Release|Any CPU.Build.0 = Release|Any CPU
		{E6B7A21F-F3F0-4968-BD26-F2ED430F5DC4}.Debug|Any CPU.ActiveCfg = Debug|Any CPU
		{E6B7A21F-F3F0-4968-BD26-F2ED430F5DC4}.Debug|Any CPU.Build.0 = Debug|Any CPU
		{E6B7A21F-F3F0-4968-BD26-F2ED430F5DC4}.Release|Any CPU.ActiveCfg = Release|Any CPU
		{E6B7A21F-F3F0-4968-BD26-F2ED430F5DC4}.Release|Any CPU.Build.0 = Release|Any CPU
		{A07567F5-6CBF-4188-A6C9-13D7E4B185CA}.Debug|Any CPU.ActiveCfg = Debug|Any CPU
		{A07567F5-6CBF-4188-A6C9-13D7E4B185CA}.Debug|Any CPU.Build.0 = Debug|Any CPU
		{A07567F5-6CBF-4188-A6C9-13D7E4B185CA}.Release|Any CPU.ActiveCfg = Release|Any CPU
		{A07567F5-6CBF-4188-A6C9-13D7E4B185CA}.Release|Any CPU.Build.0 = Release|Any CPU
		{F007A1FE-49D0-41FE-A901-69D75E2CA293}.Debug|Any CPU.ActiveCfg = Debug|Any CPU
		{F007A1FE-49D0-41FE-A901-69D75E2CA293}.Debug|Any CPU.Build.0 = Debug|Any CPU
		{F007A1FE-49D0-41FE-A901-69D75E2CA293}.Release|Any CPU.ActiveCfg = Release|Any CPU
		{F007A1FE-49D0-41FE-A901-69D75E2CA293}.Release|Any CPU.Build.0 = Release|Any CPU
		{C3B8E32D-FB71-4AF5-B846-88F0A80AD13F}.Debug|Any CPU.ActiveCfg = Debug|Any CPU
		{C3B8E32D-FB71-4AF5-B846-88F0A80AD13F}.Debug|Any CPU.Build.0 = Debug|Any CPU
		{C3B8E32D-FB71-4AF5-B846-88F0A80AD13F}.Release|Any CPU.ActiveCfg = Release|Any CPU
		{C3B8E32D-FB71-4AF5-B846-88F0A80AD13F}.Release|Any CPU.Build.0 = Release|Any CPU
		{7E2D6694-2524-467D-9B7B-B941C366E17B}.Debug|Any CPU.ActiveCfg = Debug|Any CPU
		{7E2D6694-2524-467D-9B7B-B941C366E17B}.Debug|Any CPU.Build.0 = Debug|Any CPU
		{7E2D6694-2524-467D-9B7B-B941C366E17B}.Release|Any CPU.ActiveCfg = Release|Any CPU
		{7E2D6694-2524-467D-9B7B-B941C366E17B}.Release|Any CPU.Build.0 = Release|Any CPU
		{82848F44-8160-42A4-9E83-F0BDB8ECDB46}.Debug|Any CPU.ActiveCfg = Debug|Any CPU
		{82848F44-8160-42A4-9E83-F0BDB8ECDB46}.Debug|Any CPU.Build.0 = Debug|Any CPU
		{82848F44-8160-42A4-9E83-F0BDB8ECDB46}.Release|Any CPU.ActiveCfg = Release|Any CPU
		{82848F44-8160-42A4-9E83-F0BDB8ECDB46}.Release|Any CPU.Build.0 = Release|Any CPU
		{7094DDCE-2283-457D-AA6C-4C515ACD8CE7}.Debug|Any CPU.ActiveCfg = Debug|Any CPU
		{7094DDCE-2283-457D-AA6C-4C515ACD8CE7}.Debug|Any CPU.Build.0 = Debug|Any CPU
		{7094DDCE-2283-457D-AA6C-4C515ACD8CE7}.Release|Any CPU.ActiveCfg = Release|Any CPU
		{7094DDCE-2283-457D-AA6C-4C515ACD8CE7}.Release|Any CPU.Build.0 = Release|Any CPU
		{82BB3C4A-0917-4702-9042-565D35862755}.Debug|Any CPU.ActiveCfg = Debug|Any CPU
		{82BB3C4A-0917-4702-9042-565D35862755}.Debug|Any CPU.Build.0 = Debug|Any CPU
		{82BB3C4A-0917-4702-9042-565D35862755}.Release|Any CPU.ActiveCfg = Release|Any CPU
		{82BB3C4A-0917-4702-9042-565D35862755}.Release|Any CPU.Build.0 = Release|Any CPU
		{F7148896-AC18-452A-A2D4-073DF30C320C}.Debug|Any CPU.ActiveCfg = Debug|Any CPU
		{F7148896-AC18-452A-A2D4-073DF30C320C}.Debug|Any CPU.Build.0 = Debug|Any CPU
		{F7148896-AC18-452A-A2D4-073DF30C320C}.Release|Any CPU.ActiveCfg = Release|Any CPU
		{F7148896-AC18-452A-A2D4-073DF30C320C}.Release|Any CPU.Build.0 = Release|Any CPU
		{2C7431FB-5230-4A61-83E5-ACECBDD491F9}.Debug|Any CPU.ActiveCfg = Debug|Any CPU
		{2C7431FB-5230-4A61-83E5-ACECBDD491F9}.Debug|Any CPU.Build.0 = Debug|Any CPU
		{2C7431FB-5230-4A61-83E5-ACECBDD491F9}.Release|Any CPU.ActiveCfg = Release|Any CPU
		{2C7431FB-5230-4A61-83E5-ACECBDD491F9}.Release|Any CPU.Build.0 = Release|Any CPU
		{E3D54665-653A-40FF-99C9-D3EBF1733822}.Debug|Any CPU.ActiveCfg = Debug|Any CPU
		{E3D54665-653A-40FF-99C9-D3EBF1733822}.Debug|Any CPU.Build.0 = Debug|Any CPU
		{E3D54665-653A-40FF-99C9-D3EBF1733822}.Release|Any CPU.ActiveCfg = Release|Any CPU
		{E3D54665-653A-40FF-99C9-D3EBF1733822}.Release|Any CPU.Build.0 = Release|Any CPU
		{395EF11A-2037-4874-83CC-C3D53A47E09C}.Debug|Any CPU.ActiveCfg = Debug|Any CPU
		{395EF11A-2037-4874-83CC-C3D53A47E09C}.Debug|Any CPU.Build.0 = Debug|Any CPU
		{395EF11A-2037-4874-83CC-C3D53A47E09C}.Release|Any CPU.ActiveCfg = Release|Any CPU
		{395EF11A-2037-4874-83CC-C3D53A47E09C}.Release|Any CPU.Build.0 = Release|Any CPU
		{EDE1959B-25E3-4BCA-B8A4-E0802E763717}.Debug|Any CPU.ActiveCfg = Debug|Any CPU
		{EDE1959B-25E3-4BCA-B8A4-E0802E763717}.Debug|Any CPU.Build.0 = Debug|Any CPU
		{EDE1959B-25E3-4BCA-B8A4-E0802E763717}.Release|Any CPU.ActiveCfg = Release|Any CPU
		{EDE1959B-25E3-4BCA-B8A4-E0802E763717}.Release|Any CPU.Build.0 = Release|Any CPU
		{1BF5AD89-C81F-4AEC-A804-AF11256FB7AB}.Debug|Any CPU.ActiveCfg = Debug|Any CPU
		{1BF5AD89-C81F-4AEC-A804-AF11256FB7AB}.Debug|Any CPU.Build.0 = Debug|Any CPU
		{1BF5AD89-C81F-4AEC-A804-AF11256FB7AB}.Release|Any CPU.ActiveCfg = Release|Any CPU
		{1BF5AD89-C81F-4AEC-A804-AF11256FB7AB}.Release|Any CPU.Build.0 = Release|Any CPU
		{F3557E7A-189A-44B5-BF4A-6B2E78FBDE68}.Debug|Any CPU.ActiveCfg = Debug|Any CPU
		{F3557E7A-189A-44B5-BF4A-6B2E78FBDE68}.Debug|Any CPU.Build.0 = Debug|Any CPU
		{F3557E7A-189A-44B5-BF4A-6B2E78FBDE68}.Release|Any CPU.ActiveCfg = Release|Any CPU
		{F3557E7A-189A-44B5-BF4A-6B2E78FBDE68}.Release|Any CPU.Build.0 = Release|Any CPU
		{B4CCC8E5-AF5E-45C4-A3B3-315CD59AF68B}.Debug|Any CPU.ActiveCfg = Debug|Any CPU
		{B4CCC8E5-AF5E-45C4-A3B3-315CD59AF68B}.Debug|Any CPU.Build.0 = Debug|Any CPU
		{B4CCC8E5-AF5E-45C4-A3B3-315CD59AF68B}.Release|Any CPU.ActiveCfg = Release|Any CPU
		{B4CCC8E5-AF5E-45C4-A3B3-315CD59AF68B}.Release|Any CPU.Build.0 = Release|Any CPU
		{D16B7DC1-7A26-47BF-8573-2DA361C02390}.Debug|Any CPU.ActiveCfg = Debug|Any CPU
		{D16B7DC1-7A26-47BF-8573-2DA361C02390}.Debug|Any CPU.Build.0 = Debug|Any CPU
		{D16B7DC1-7A26-47BF-8573-2DA361C02390}.Release|Any CPU.ActiveCfg = Release|Any CPU
		{D16B7DC1-7A26-47BF-8573-2DA361C02390}.Release|Any CPU.Build.0 = Release|Any CPU
		{9FB80B95-2CC2-4F67-A633-0B1985ABD93D}.Debug|Any CPU.ActiveCfg = Debug|Any CPU
		{9FB80B95-2CC2-4F67-A633-0B1985ABD93D}.Debug|Any CPU.Build.0 = Debug|Any CPU
		{9FB80B95-2CC2-4F67-A633-0B1985ABD93D}.Release|Any CPU.ActiveCfg = Release|Any CPU
		{9FB80B95-2CC2-4F67-A633-0B1985ABD93D}.Release|Any CPU.Build.0 = Release|Any CPU
		{AF0C362A-AE84-4CDF-8BA9-C6EBE7E8D090}.Debug|Any CPU.ActiveCfg = Debug|Any CPU
		{AF0C362A-AE84-4CDF-8BA9-C6EBE7E8D090}.Debug|Any CPU.Build.0 = Debug|Any CPU
		{AF0C362A-AE84-4CDF-8BA9-C6EBE7E8D090}.Release|Any CPU.ActiveCfg = Release|Any CPU
		{AF0C362A-AE84-4CDF-8BA9-C6EBE7E8D090}.Release|Any CPU.Build.0 = Release|Any CPU
		{691C7FC0-FC6A-4F5E-9DA4-6B01E9745049}.Debug|Any CPU.ActiveCfg = Debug|Any CPU
		{691C7FC0-FC6A-4F5E-9DA4-6B01E9745049}.Debug|Any CPU.Build.0 = Debug|Any CPU
		{691C7FC0-FC6A-4F5E-9DA4-6B01E9745049}.Release|Any CPU.ActiveCfg = Release|Any CPU
		{691C7FC0-FC6A-4F5E-9DA4-6B01E9745049}.Release|Any CPU.Build.0 = Release|Any CPU
		{CF2A2212-4B5F-4B62-AC7E-A2513286C482}.Debug|Any CPU.ActiveCfg = Debug|Any CPU
		{CF2A2212-4B5F-4B62-AC7E-A2513286C482}.Debug|Any CPU.Build.0 = Debug|Any CPU
		{CF2A2212-4B5F-4B62-AC7E-A2513286C482}.Release|Any CPU.ActiveCfg = Release|Any CPU
		{CF2A2212-4B5F-4B62-AC7E-A2513286C482}.Release|Any CPU.Build.0 = Release|Any CPU
		{59F9FF27-3DFC-4CB9-9B5F-5A213B074ABA}.Debug|Any CPU.ActiveCfg = Debug|Any CPU
		{59F9FF27-3DFC-4CB9-9B5F-5A213B074ABA}.Debug|Any CPU.Build.0 = Debug|Any CPU
		{59F9FF27-3DFC-4CB9-9B5F-5A213B074ABA}.Release|Any CPU.ActiveCfg = Release|Any CPU
		{59F9FF27-3DFC-4CB9-9B5F-5A213B074ABA}.Release|Any CPU.Build.0 = Release|Any CPU
		{148B8022-752B-436A-9869-A91CCD3742EC}.Debug|Any CPU.ActiveCfg = Debug|Any CPU
		{148B8022-752B-436A-9869-A91CCD3742EC}.Debug|Any CPU.Build.0 = Debug|Any CPU
		{148B8022-752B-436A-9869-A91CCD3742EC}.Release|Any CPU.ActiveCfg = Release|Any CPU
		{148B8022-752B-436A-9869-A91CCD3742EC}.Release|Any CPU.Build.0 = Release|Any CPU
		{18D8AD35-F95F-4B02-9C5B-8ADB9E5DF235}.Debug|Any CPU.ActiveCfg = Debug|Any CPU
		{18D8AD35-F95F-4B02-9C5B-8ADB9E5DF235}.Debug|Any CPU.Build.0 = Debug|Any CPU
		{18D8AD35-F95F-4B02-9C5B-8ADB9E5DF235}.Release|Any CPU.ActiveCfg = Release|Any CPU
		{18D8AD35-F95F-4B02-9C5B-8ADB9E5DF235}.Release|Any CPU.Build.0 = Release|Any CPU
		{041FC215-72BF-4294-8145-E46912D4B5EC}.Debug|Any CPU.ActiveCfg = Debug|Any CPU
		{041FC215-72BF-4294-8145-E46912D4B5EC}.Debug|Any CPU.Build.0 = Debug|Any CPU
		{041FC215-72BF-4294-8145-E46912D4B5EC}.Release|Any CPU.ActiveCfg = Release|Any CPU
		{041FC215-72BF-4294-8145-E46912D4B5EC}.Release|Any CPU.Build.0 = Release|Any CPU
	EndGlobalSection
	GlobalSection(SolutionProperties) = preSolution
		HideSolutionNode = FALSE
	EndGlobalSection
	GlobalSection(NestedProjects) = preSolution
		{EA7C041C-BDD7-4D90-9A9C-64F312A3A47C} = {A6BF7212-EEC7-4BD0-8D27-C390A21C8CEC}
		{33621CE0-A70E-494C-93DD-E2403B9D7E3A} = {A6BF7212-EEC7-4BD0-8D27-C390A21C8CEC}
		{4EE8319C-3918-4610-A08D-071C7C1B402F} = {A6BF7212-EEC7-4BD0-8D27-C390A21C8CEC}
		{FE573B62-273E-44EA-BFD4-BFC294B12AFA} = {A6BF7212-EEC7-4BD0-8D27-C390A21C8CEC}
		{5DC8C0EF-5251-47E5-94BA-8B61F854BD4F} = {A6BF7212-EEC7-4BD0-8D27-C390A21C8CEC}
		{AB3882DD-F629-47AD-A554-27A5555867D9} = {A6BF7212-EEC7-4BD0-8D27-C390A21C8CEC}
		{59676C0F-E482-4646-AAE8-03376582A268} = {A6BF7212-EEC7-4BD0-8D27-C390A21C8CEC}
		{891F650B-7CAB-4AE7-88B4-7D2A2F462FD4} = {A6BF7212-EEC7-4BD0-8D27-C390A21C8CEC}
		{A8D31830-BD00-4669-94F7-85974F508EF7} = {3F7C67A9-723B-41E5-80E8-0E22B6A09DF8}
		{2F44680E-D24D-4723-8D76-173556245248} = {3F7C67A9-723B-41E5-80E8-0E22B6A09DF8}
		{855E8ED8-00F3-47C9-B324-B8CD13A18006} = {3F7C67A9-723B-41E5-80E8-0E22B6A09DF8}
		{6BA7005A-0677-40B3-980A-78853D1D3EB0} = {3F7C67A9-723B-41E5-80E8-0E22B6A09DF8}
		{BD602972-82BD-4FFF-8A70-C0F0AF393F73} = {3F7C67A9-723B-41E5-80E8-0E22B6A09DF8}
		{4E97C8C3-E3B4-4ABD-A11A-5B2782CA652C} = {3F7C67A9-723B-41E5-80E8-0E22B6A09DF8}
		{BAFB5BB4-4772-440E-AEAC-B9738674E45C} = {3F7C67A9-723B-41E5-80E8-0E22B6A09DF8}
		{714A4437-0DAF-421F-9037-646A199EA245} = {3F7C67A9-723B-41E5-80E8-0E22B6A09DF8}
		{A7BCE5C4-7C51-4FA2-A854-8148D2C5EDFC} = {3F7C67A9-723B-41E5-80E8-0E22B6A09DF8}
		{5F4AB3BF-02FE-4531-B044-FB8284B64E1C} = {3F7C67A9-723B-41E5-80E8-0E22B6A09DF8}
		{3DC94593-EC95-4610-80E3-66D53880026D} = {A6BF7212-EEC7-4BD0-8D27-C390A21C8CEC}
		{1FBAA273-880C-4EBE-BB68-94431B2F4678} = {A6BF7212-EEC7-4BD0-8D27-C390A21C8CEC}
		{25B958E7-957F-424E-A271-B4C9426264DD} = {A6BF7212-EEC7-4BD0-8D27-C390A21C8CEC}
		{E010620E-2B2B-4C0A-8DFD-DBF98090B4A7} = {3F7C67A9-723B-41E5-80E8-0E22B6A09DF8}
		{DB3FA5F5-4229-45E3-851C-F00E85FD70D9} = {3F7C67A9-723B-41E5-80E8-0E22B6A09DF8}
		{616F9DE9-7D90-4738-B32A-E92CA2A8CB60} = {3F7C67A9-723B-41E5-80E8-0E22B6A09DF8}
		{B0E10EB5-5A52-4641-9E6F-D7FA347AA068} = {3F7C67A9-723B-41E5-80E8-0E22B6A09DF8}
		{77C0708C-F185-46B2-8931-D7FF5EDAC959} = {3F7C67A9-723B-41E5-80E8-0E22B6A09DF8}
		{58125873-DE2F-4E44-88A6-FA7890474454} = {3F7C67A9-723B-41E5-80E8-0E22B6A09DF8}
		{E609CBD3-750A-4406-8056-049FE3D7C7EF} = {3F7C67A9-723B-41E5-80E8-0E22B6A09DF8}
		{7F87B71A-DF08-4DC7-B50F-B0D5761CF915} = {3F7C67A9-723B-41E5-80E8-0E22B6A09DF8}
		{56A948B7-E241-4AA8-B27E-41109295E562} = {3F7C67A9-723B-41E5-80E8-0E22B6A09DF8}
		{BD7E095F-AAB9-41B0-9874-E0CB0E823511} = {3F7C67A9-723B-41E5-80E8-0E22B6A09DF8}
		{1EC9811A-D1C5-4366-9731-5F53D536F5DA} = {3F7C67A9-723B-41E5-80E8-0E22B6A09DF8}
		{CF44D647-C96F-42E1-9A7D-B1A192DB6CE3} = {3F7C67A9-723B-41E5-80E8-0E22B6A09DF8}
		{10D7F531-8A49-4A3A-8420-2656D762EDA1} = {3F7C67A9-723B-41E5-80E8-0E22B6A09DF8}
		{7BB4009F-C7CC-4C55-B0AF-3AC69FBBECFE} = {3F7C67A9-723B-41E5-80E8-0E22B6A09DF8}
		{48A4D807-C07E-40BE-8DE1-E1B4B94C8E4A} = {3F7C67A9-723B-41E5-80E8-0E22B6A09DF8}
		{9DA6C699-5A87-4041-97C5-8928BB342704} = {3F7C67A9-723B-41E5-80E8-0E22B6A09DF8}
		{97EDCA03-5B96-4D89-A25D-419C02B44E60} = {3F7C67A9-723B-41E5-80E8-0E22B6A09DF8}
		{B296E448-4EA0-4272-AEF3-70C09477008A} = {3F7C67A9-723B-41E5-80E8-0E22B6A09DF8}
		{AB3A1404-D43F-4DE2-81AD-1BBFA9887C0C} = {3F7C67A9-723B-41E5-80E8-0E22B6A09DF8}
		{7A9A2798-C9CE-4BAC-AE0E-CF124C8DAC8A} = {3F7C67A9-723B-41E5-80E8-0E22B6A09DF8}
		{595D4FD2-9F1A-4526-9325-2C9A8B70EACC} = {3F7C67A9-723B-41E5-80E8-0E22B6A09DF8}
		{50B3A225-A7E0-47C5-9212-C61241352417} = {3F7C67A9-723B-41E5-80E8-0E22B6A09DF8}
		{BC173339-6A30-45B9-8B97-8694E56CD16B} = {3F7C67A9-723B-41E5-80E8-0E22B6A09DF8}
		{A5D8023C-690B-4DE4-A9BA-F1B1FEFCE50F} = {3F7C67A9-723B-41E5-80E8-0E22B6A09DF8}
		{254D72E9-42CC-43F3-A4E1-4400359B8D92} = {3F7C67A9-723B-41E5-80E8-0E22B6A09DF8}
		{59B03C16-7C10-4FBC-9E47-63EEDE48D375} = {3F7C67A9-723B-41E5-80E8-0E22B6A09DF8}
		{C6CEE32E-156E-4179-A56B-32CE6E3854F8} = {3F7C67A9-723B-41E5-80E8-0E22B6A09DF8}
		{6722ABB4-7645-4250-A8E7-700F9B52AB38} = {3F7C67A9-723B-41E5-80E8-0E22B6A09DF8}
		{6F2F3171-5941-42EB-98EF-7DAE3106E0DA} = {3F7C67A9-723B-41E5-80E8-0E22B6A09DF8}
		{329BE966-FC80-49CC-81E1-FFA1BD976F24} = {3F7C67A9-723B-41E5-80E8-0E22B6A09DF8}
		{4D88247D-F59F-4E6F-83FD-CB4C698958A3} = {3F7C67A9-723B-41E5-80E8-0E22B6A09DF8}
		{D5680EB0-65E5-45CF-B2D2-8D0FC22332B3} = {3F7C67A9-723B-41E5-80E8-0E22B6A09DF8}
		{E0C6F884-5C76-4B3E-BFA9-750344B3EE0D} = {3F7C67A9-723B-41E5-80E8-0E22B6A09DF8}
		{734934F8-A4D3-4611-AD79-E9029924A507} = {3F7C67A9-723B-41E5-80E8-0E22B6A09DF8}
		{2A380B18-7F53-415B-92F9-11ADE895BFDA} = {3F7C67A9-723B-41E5-80E8-0E22B6A09DF8}
		{E032D3C5-7A9F-4511-979A-C67B706890BB} = {3F7C67A9-723B-41E5-80E8-0E22B6A09DF8}
		{678CD8DB-3FE6-41BC-810B-E773D480FE58} = {3F7C67A9-723B-41E5-80E8-0E22B6A09DF8}
		{9A68BB2A-A892-4064-AC66-13A86BE39BD3} = {3F7C67A9-723B-41E5-80E8-0E22B6A09DF8}
		{62644377-AAC0-4A23-8ABD-E14E5AF7BF90} = {3F7C67A9-723B-41E5-80E8-0E22B6A09DF8}
		{3642DF2C-7884-4A36-A80B-4F1D84ACB10D} = {3F7C67A9-723B-41E5-80E8-0E22B6A09DF8}
		{D0943D8A-D009-46D7-80FA-B96E25744888} = {3F7C67A9-723B-41E5-80E8-0E22B6A09DF8}
		{78F5DB4B-BE85-49C1-AC77-542D26B40578} = {3F7C67A9-723B-41E5-80E8-0E22B6A09DF8}
		{601A4D5F-B275-4A31-A1EE-17FBC2D1D8FC} = {3F7C67A9-723B-41E5-80E8-0E22B6A09DF8}
		{A8CCEC92-AFB7-4788-865B-D4939207175D} = {CC9F7D3C-5373-4A38-B83D-95542EBD8CCE}
		{380C53A7-79D8-4F36-9327-BE0DE144F723} = {CC9F7D3C-5373-4A38-B83D-95542EBD8CCE}
		{E5132A09-D06A-491B-8DBC-D80F794BC06A} = {CC9F7D3C-5373-4A38-B83D-95542EBD8CCE}
		{58F9931E-E425-4873-9627-F525FF169D69} = {CC9F7D3C-5373-4A38-B83D-95542EBD8CCE}
		{6F4C6DA3-6AF3-4DF0-A8B2-5CBCB2074C48} = {CC9F7D3C-5373-4A38-B83D-95542EBD8CCE}
		{AFE4638B-4399-43BB-AD41-46973B94041C} = {CC9F7D3C-5373-4A38-B83D-95542EBD8CCE}
		{CF141CDA-D36B-4FA7-880A-1A0A3B11357C} = {CC9F7D3C-5373-4A38-B83D-95542EBD8CCE}
		{3E39CA01-F1CE-4CAB-B085-25B6824F1DFD} = {CC9F7D3C-5373-4A38-B83D-95542EBD8CCE}
		{3F6DA1A6-0F25-4057-9F48-DD1D897BFE03} = {CC9F7D3C-5373-4A38-B83D-95542EBD8CCE}
		{60FFC2BD-3A6B-4282-B058-11EB245AE129} = {CC9F7D3C-5373-4A38-B83D-95542EBD8CCE}
		{845D0218-EFCE-4F32-B838-75BA9ADC8900} = {CC9F7D3C-5373-4A38-B83D-95542EBD8CCE}
		{36BD1946-4670-42FC-8ED3-7E9DF52FFA2D} = {CC9F7D3C-5373-4A38-B83D-95542EBD8CCE}
		{E4441321-E819-404E-B81E-B9F6A75914B1} = {CC9F7D3C-5373-4A38-B83D-95542EBD8CCE}
		{AED643FD-9A21-46C1-8530-33A71609A93F} = {CC9F7D3C-5373-4A38-B83D-95542EBD8CCE}
		{403555F0-A242-4060-AA12-64ACEB7E2FFA} = {4BB296C7-CF3E-427C-A2F5-26F3E8BBCCF5}
		{FD10B87F-30AD-4F7B-A5C1-D396B40E4A4A} = {4BB296C7-CF3E-427C-A2F5-26F3E8BBCCF5}
		{58F913BC-4D3B-4066-AF5A-4F9388F29B89} = {4BB296C7-CF3E-427C-A2F5-26F3E8BBCCF5}
		{94091CD7-797F-41C6-8989-53AA2BAF2AB2} = {4BB296C7-CF3E-427C-A2F5-26F3E8BBCCF5}
		{8D37BD59-FB05-4BC2-B4EB-F031354ACF12} = {4BB296C7-CF3E-427C-A2F5-26F3E8BBCCF5}
		{5F05C11E-63F4-42B8-8C25-C36EB0609E13} = {4BB296C7-CF3E-427C-A2F5-26F3E8BBCCF5}
		{E6B7A21F-F3F0-4968-BD26-F2ED430F5DC4} = {4BB296C7-CF3E-427C-A2F5-26F3E8BBCCF5}
		{A07567F5-6CBF-4188-A6C9-13D7E4B185CA} = {4BB296C7-CF3E-427C-A2F5-26F3E8BBCCF5}
		{F007A1FE-49D0-41FE-A901-69D75E2CA293} = {4BB296C7-CF3E-427C-A2F5-26F3E8BBCCF5}
		{C3B8E32D-FB71-4AF5-B846-88F0A80AD13F} = {4BB296C7-CF3E-427C-A2F5-26F3E8BBCCF5}
		{7E2D6694-2524-467D-9B7B-B941C366E17B} = {4BB296C7-CF3E-427C-A2F5-26F3E8BBCCF5}
		{82848F44-8160-42A4-9E83-F0BDB8ECDB46} = {4BB296C7-CF3E-427C-A2F5-26F3E8BBCCF5}
		{7094DDCE-2283-457D-AA6C-4C515ACD8CE7} = {4BB296C7-CF3E-427C-A2F5-26F3E8BBCCF5}
		{82BB3C4A-0917-4702-9042-565D35862755} = {4BB296C7-CF3E-427C-A2F5-26F3E8BBCCF5}
		{F7148896-AC18-452A-A2D4-073DF30C320C} = {4BB296C7-CF3E-427C-A2F5-26F3E8BBCCF5}
		{2C7431FB-5230-4A61-83E5-ACECBDD491F9} = {4BB296C7-CF3E-427C-A2F5-26F3E8BBCCF5}
		{E3D54665-653A-40FF-99C9-D3EBF1733822} = {4BB296C7-CF3E-427C-A2F5-26F3E8BBCCF5}
		{395EF11A-2037-4874-83CC-C3D53A47E09C} = {4BB296C7-CF3E-427C-A2F5-26F3E8BBCCF5}
		{EDE1959B-25E3-4BCA-B8A4-E0802E763717} = {C8C62F59-E271-46D6-A1F8-63B65DDBF865}
		{1BF5AD89-C81F-4AEC-A804-AF11256FB7AB} = {C8C62F59-E271-46D6-A1F8-63B65DDBF865}
		{F3557E7A-189A-44B5-BF4A-6B2E78FBDE68} = {C8C62F59-E271-46D6-A1F8-63B65DDBF865}
		{B4CCC8E5-AF5E-45C4-A3B3-315CD59AF68B} = {C8C62F59-E271-46D6-A1F8-63B65DDBF865}
		{D16B7DC1-7A26-47BF-8573-2DA361C02390} = {C8C62F59-E271-46D6-A1F8-63B65DDBF865}
		{9FB80B95-2CC2-4F67-A633-0B1985ABD93D} = {C8C62F59-E271-46D6-A1F8-63B65DDBF865}
		{AF0C362A-AE84-4CDF-8BA9-C6EBE7E8D090} = {C8C62F59-E271-46D6-A1F8-63B65DDBF865}
		{691C7FC0-FC6A-4F5E-9DA4-6B01E9745049} = {C8C62F59-E271-46D6-A1F8-63B65DDBF865}
		{CF2A2212-4B5F-4B62-AC7E-A2513286C482} = {C8C62F59-E271-46D6-A1F8-63B65DDBF865}
		{59F9FF27-3DFC-4CB9-9B5F-5A213B074ABA} = {4BB296C7-CF3E-427C-A2F5-26F3E8BBCCF5}
		{148B8022-752B-436A-9869-A91CCD3742EC} = {C8C62F59-E271-46D6-A1F8-63B65DDBF865}
		{18D8AD35-F95F-4B02-9C5B-8ADB9E5DF235} = {C8C62F59-E271-46D6-A1F8-63B65DDBF865}
		{041FC215-72BF-4294-8145-E46912D4B5EC} = {C8C62F59-E271-46D6-A1F8-63B65DDBF865}
	EndGlobalSection
	GlobalSection(ExtensibilityGlobals) = postSolution
		SolutionGuid = {7EDBA141-81CB-48A6-9F95-8B5DED1FC991}
	EndGlobalSection
EndGlobal
